// !$*UTF8*$!
{
	archiveVersion = 1;
	classes = {
	};
	objectVersion = 46;
	objects = {

/* Begin PBXBuildFile section */
		06DC33336B9B492586CCB402 /* libPods.a in Frameworks */ = {isa = PBXBuildFile; fileRef = 8FE6E10FA69445AA854D1E68 /* libPods.a */; };
		FA11ACA517B11A7500028A55 /* AWFLoginFormViewCell.m in Sources */ = {isa = PBXBuildFile; fileRef = FA11ACA417B11A7500028A55 /* AWFLoginFormViewCell.m */; };
		FA11ACB017B136EA00028A55 /* AWFLoginConnectViewCell.m in Sources */ = {isa = PBXBuildFile; fileRef = FA11ACAF17B136EA00028A55 /* AWFLoginConnectViewCell.m */; };
		FA11ACB617B1385E00028A55 /* UIBezierPath+FacebookGlyph.m in Sources */ = {isa = PBXBuildFile; fileRef = FA11ACB317B1385E00028A55 /* UIBezierPath+FacebookGlyph.m */; };
		FA11ACB717B1385E00028A55 /* UIBezierPath+TwitterGlyph.m in Sources */ = {isa = PBXBuildFile; fileRef = FA11ACB517B1385E00028A55 /* UIBezierPath+TwitterGlyph.m */; };
		FA11ACC717B1389400028A55 /* AWFButton.m in Sources */ = {isa = PBXBuildFile; fileRef = FA11ACBA17B1389400028A55 /* AWFButton.m */; };
		FA11ACCB17B1389400028A55 /* AWFIconButton.m in Sources */ = {isa = PBXBuildFile; fileRef = FA11ACC217B1389400028A55 /* AWFIconButton.m */; };
		FA11ACCC17B1389400028A55 /* AWFIconLabelButton.m in Sources */ = {isa = PBXBuildFile; fileRef = FA11ACC417B1389400028A55 /* AWFIconLabelButton.m */; };
		FA11ACCD17B1389400028A55 /* AWFLabelButton.m in Sources */ = {isa = PBXBuildFile; fileRef = FA11ACC617B1389400028A55 /* AWFLabelButton.m */; };
		FA11ACD217B138D100028A55 /* AWFIconLabelView.m in Sources */ = {isa = PBXBuildFile; fileRef = FA11ACCF17B138D000028A55 /* AWFIconLabelView.m */; };
		FA11ACD317B138D100028A55 /* AWFShapeView.m in Sources */ = {isa = PBXBuildFile; fileRef = FA11ACD117B138D100028A55 /* AWFShapeView.m */; };
		FA11ACD517B14B2400028A55 /* HelveticaNeueLTCom-LtCn.ttf in Resources */ = {isa = PBXBuildFile; fileRef = FA11ACD417B14B2400028A55 /* HelveticaNeueLTCom-LtCn.ttf */; };
		FA11ACD717B14D2500028A55 /* HelveticaNeueLTCom-MdCn.ttf in Resources */ = {isa = PBXBuildFile; fileRef = FA11ACD617B14D2500028A55 /* HelveticaNeueLTCom-MdCn.ttf */; };
		FA1EEC6517B266A500668A40 /* AWFSignupViewController.m in Sources */ = {isa = PBXBuildFile; fileRef = FA1EEC6417B266A500668A40 /* AWFSignupViewController.m */; };
		FA1EEC6817B2824B00668A40 /* UIBezierPath+VKontakteGlyph.m in Sources */ = {isa = PBXBuildFile; fileRef = FA1EEC6717B2824B00668A40 /* UIBezierPath+VKontakteGlyph.m */; };
		FA3092F618098A3D001F25F2 /* AWFNavigationController.m in Sources */ = {isa = PBXBuildFile; fileRef = FA3092F518098A3D001F25F2 /* AWFNavigationController.m */; };
		FA3092F918098A64001F25F2 /* AWFNavigationBar.m in Sources */ = {isa = PBXBuildFile; fileRef = FA3092F818098A64001F25F2 /* AWFNavigationBar.m */; };
		FA4532E3188B014900A1E242 /* AWFObject.m in Sources */ = {isa = PBXBuildFile; fileRef = FA4532E2188B014900A1E242 /* AWFObject.m */; };
		FA4532E6188B2ED500A1E242 /* AWFAgeFormatter.m in Sources */ = {isa = PBXBuildFile; fileRef = FA4532E5188B2ED500A1E242 /* AWFAgeFormatter.m */; };
		FA4532E9188B404C00A1E242 /* AWFValueTransformers.m in Sources */ = {isa = PBXBuildFile; fileRef = FA4532E8188B404C00A1E242 /* AWFValueTransformers.m */; };
		FA4532ED188B43E600A1E242 /* AWFGenderFormatter.m in Sources */ = {isa = PBXBuildFile; fileRef = FA4532EC188B43E600A1E242 /* AWFGenderFormatter.m */; };
		FA57837418D4776600F10FD7 /* AWFFriendsViewCell.m in Sources */ = {isa = PBXBuildFile; fileRef = FA57837318D4776600F10FD7 /* AWFFriendsViewCell.m */; };
		FA57F9D918D24A0900E12B5F /* AWFViewController.m in Sources */ = {isa = PBXBuildFile; fileRef = FA57F9D818D24A0900E12B5F /* AWFViewController.m */; };
		FA57F9DD18D268C300E12B5F /* AWFFriendsViewController.m in Sources */ = {isa = PBXBuildFile; fileRef = FA57F9DC18D268C300E12B5F /* AWFFriendsViewController.m */; };
		FA7667031814242D0093A4CA /* AWFGenderPicker.m in Sources */ = {isa = PBXBuildFile; fileRef = FA7667021814242D0093A4CA /* AWFGenderPicker.m */; };
		FA8AA2E118833123005FC371 /* AWFPerson.m in Sources */ = {isa = PBXBuildFile; fileRef = FA8AA2E018833123005FC371 /* AWFPerson.m */; };
		FA8D71C81868746B00C4B6CC /* AWFLocationManager.m in Sources */ = {isa = PBXBuildFile; fileRef = FA8D71C71868746B00C4B6CC /* AWFLocationManager.m */; };
		FA8D71CC1868898F00C4B6CC /* default.gpx in Resources */ = {isa = PBXBuildFile; fileRef = FA8D71CB1868898F00C4B6CC /* default.gpx */; };
		FA8D71CF18688EC000C4B6CC /* AWFNearbyViewCell.m in Sources */ = {isa = PBXBuildFile; fileRef = FA8D71CE18688EC000C4B6CC /* AWFNearbyViewCell.m */; };
		FA8D9AF918DB860C00262071 /* AWFActivity.m in Sources */ = {isa = PBXBuildFile; fileRef = FA8D9AF818DB860C00262071 /* AWFActivity.m */; };
		FA9A964518CCB2F000F65856 /* AWFWeightFormatter.m in Sources */ = {isa = PBXBuildFile; fileRef = FA9A964418CCB2F000F65856 /* AWFWeightFormatter.m */; };
		FA9A964818CCB3CA00F65856 /* AWFHeightFormatter.m in Sources */ = {isa = PBXBuildFile; fileRef = FA9A964718CCB3CA00F65856 /* AWFHeightFormatter.m */; };
		FAB4BF9E1875AB6C009CC02B /* AWFLayoutGuide.m in Sources */ = {isa = PBXBuildFile; fileRef = FAB4BF9D1875AB6C009CC02B /* AWFLayoutGuide.m */; };
		FAB866E5180AAB60005FF64B /* AWFSession.m in Sources */ = {isa = PBXBuildFile; fileRef = FAB866E4180AAB60005FF64B /* AWFSession.m */; };
		FADBF65D17ADB68E00325DD1 /* Foundation.framework in Frameworks */ = {isa = PBXBuildFile; fileRef = FADBF65C17ADB68E00325DD1 /* Foundation.framework */; };
		FADBF65F17ADB68E00325DD1 /* CoreGraphics.framework in Frameworks */ = {isa = PBXBuildFile; fileRef = FADBF65E17ADB68E00325DD1 /* CoreGraphics.framework */; };
		FADBF66117ADB68E00325DD1 /* UIKit.framework in Frameworks */ = {isa = PBXBuildFile; fileRef = FADBF66017ADB68E00325DD1 /* UIKit.framework */; };
		FADBF66717ADB68E00325DD1 /* InfoPlist.strings in Resources */ = {isa = PBXBuildFile; fileRef = FADBF66517ADB68E00325DD1 /* InfoPlist.strings */; };
		FADBF66917ADB68E00325DD1 /* main.m in Sources */ = {isa = PBXBuildFile; fileRef = FADBF66817ADB68E00325DD1 /* main.m */; };
		FADBF66D17ADB68E00325DD1 /* AWFAppDelegate.m in Sources */ = {isa = PBXBuildFile; fileRef = FADBF66C17ADB68E00325DD1 /* AWFAppDelegate.m */; };
		FADBF66F17ADB68E00325DD1 /* Images.xcassets in Resources */ = {isa = PBXBuildFile; fileRef = FADBF66E17ADB68E00325DD1 /* Images.xcassets */; };
		FADBF67617ADB68E00325DD1 /* XCTest.framework in Frameworks */ = {isa = PBXBuildFile; fileRef = FADBF67517ADB68E00325DD1 /* XCTest.framework */; };
		FADBF67717ADB68E00325DD1 /* Foundation.framework in Frameworks */ = {isa = PBXBuildFile; fileRef = FADBF65C17ADB68E00325DD1 /* Foundation.framework */; };
		FADBF67817ADB68E00325DD1 /* UIKit.framework in Frameworks */ = {isa = PBXBuildFile; fileRef = FADBF66017ADB68E00325DD1 /* UIKit.framework */; };
		FADBF68017ADB68E00325DD1 /* InfoPlist.strings in Resources */ = {isa = PBXBuildFile; fileRef = FADBF67E17ADB68E00325DD1 /* InfoPlist.strings */; };
		FADBF68217ADB68E00325DD1 /* AnywhereFriendsTests.m in Sources */ = {isa = PBXBuildFile; fileRef = FADBF68117ADB68E00325DD1 /* AnywhereFriendsTests.m */; };
		FADBF68E17ADB74400325DD1 /* AWFLoginViewController.m in Sources */ = {isa = PBXBuildFile; fileRef = FADBF68D17ADB74400325DD1 /* AWFLoginViewController.m */; };
		FADBF69217ADB7AA00325DD1 /* AWFNavigationTitleView.m in Sources */ = {isa = PBXBuildFile; fileRef = FADBF69117ADB7AA00325DD1 /* AWFNavigationTitleView.m */; };
		FADBF69617ADB7EC00325DD1 /* UIFont+CustomFonts.m in Sources */ = {isa = PBXBuildFile; fileRef = FADBF69517ADB7EC00325DD1 /* UIFont+CustomFonts.m */; };
		FADBF69917ADBADC00325DD1 /* MAGNETOB.TTF in Resources */ = {isa = PBXBuildFile; fileRef = FADBF69817ADBADC00325DD1 /* MAGNETOB.TTF */; };
		FADBF69D17ADBFDF00325DD1 /* UIColor+CustomColors.m in Sources */ = {isa = PBXBuildFile; fileRef = FADBF69C17ADBFDF00325DD1 /* UIColor+CustomColors.m */; };
		FADBF6A217ADC23600325DD1 /* Localizable.strings in Resources */ = {isa = PBXBuildFile; fileRef = FADBF6A417ADC23600325DD1 /* Localizable.strings */; };
		FADBF6AA17ADC59E00325DD1 /* QuartzCore.framework in Frameworks */ = {isa = PBXBuildFile; fileRef = FADBF6A917ADC59E00325DD1 /* QuartzCore.framework */; };
		FADBF6B317ADCE5400325DD1 /* UIImage+CustomBackgrounds.m in Sources */ = {isa = PBXBuildFile; fileRef = FADBF6B217ADCE5400325DD1 /* UIImage+CustomBackgrounds.m */; };
		FADBF6B617ADCE9800325DD1 /* CGContext+Blocks.m in Sources */ = {isa = PBXBuildFile; fileRef = FADBF6B517ADCE9800325DD1 /* CGContext+Blocks.m */; };
		FADBF6B917ADD16900325DD1 /* UIColor+ColorTools.m in Sources */ = {isa = PBXBuildFile; fileRef = FADBF6B817ADCF6600325DD1 /* UIColor+ColorTools.m */; };
		FADE215A17BCD38D00D3A62B /* MapKit.framework in Frameworks */ = {isa = PBXBuildFile; fileRef = FADE215917BCD38D00D3A62B /* MapKit.framework */; };
		FADE215D17BCDB1700D3A62B /* AWFNearbyViewController.m in Sources */ = {isa = PBXBuildFile; fileRef = FADE215C17BCDB1700D3A62B /* AWFNearbyViewController.m */; };
		FADE217E17BCF58700D3A62B /* Ajda.jpg in Resources */ = {isa = PBXBuildFile; fileRef = FADE216617BCF58700D3A62B /* Ajda.jpg */; };
		FADE217F17BCF58700D3A62B /* Alessio.jpg in Resources */ = {isa = PBXBuildFile; fileRef = FADE216717BCF58700D3A62B /* Alessio.jpg */; };
		FADE218117BCF58700D3A62B /* Andrea.jpg in Resources */ = {isa = PBXBuildFile; fileRef = FADE216917BCF58700D3A62B /* Andrea.jpg */; };
		FADE218217BCF58700D3A62B /* Carrie.jpg in Resources */ = {isa = PBXBuildFile; fileRef = FADE216A17BCF58700D3A62B /* Carrie.jpg */; };
		FADE218317BCF58700D3A62B /* Damien.jpg in Resources */ = {isa = PBXBuildFile; fileRef = FADE216B17BCF58700D3A62B /* Damien.jpg */; };
		FADE218417BCF58700D3A62B /* Ebba.jpg in Resources */ = {isa = PBXBuildFile; fileRef = FADE216C17BCF58700D3A62B /* Ebba.jpg */; };
		FADE218517BCF58700D3A62B /* Emilia.jpg in Resources */ = {isa = PBXBuildFile; fileRef = FADE216D17BCF58700D3A62B /* Emilia.jpg */; };
		FADE218617BCF58700D3A62B /* Jacky.jpg in Resources */ = {isa = PBXBuildFile; fileRef = FADE216E17BCF58700D3A62B /* Jacky.jpg */; };
		FADE218717BCF58700D3A62B /* Kenza.jpg in Resources */ = {isa = PBXBuildFile; fileRef = FADE216F17BCF58700D3A62B /* Kenza.jpg */; };
		FADE218817BCF58700D3A62B /* Kristina.jpg in Resources */ = {isa = PBXBuildFile; fileRef = FADE217017BCF58700D3A62B /* Kristina.jpg */; };
		FADE218917BCF58700D3A62B /* Lauren.jpg in Resources */ = {isa = PBXBuildFile; fileRef = FADE217117BCF58700D3A62B /* Lauren.jpg */; };
		FADE218A17BCF58700D3A62B /* Lorenza.jpg in Resources */ = {isa = PBXBuildFile; fileRef = FADE217217BCF58700D3A62B /* Lorenza.jpg */; };
		FADE218B17BCF58700D3A62B /* Marie.jpg in Resources */ = {isa = PBXBuildFile; fileRef = FADE217317BCF58700D3A62B /* Marie.jpg */; };
		FADE218C17BCF58700D3A62B /* Marine.jpg in Resources */ = {isa = PBXBuildFile; fileRef = FADE217417BCF58700D3A62B /* Marine.jpg */; };
		FADE218D17BCF58700D3A62B /* Marissa.jpg in Resources */ = {isa = PBXBuildFile; fileRef = FADE217517BCF58700D3A62B /* Marissa.jpg */; };
		FADE218E17BCF58700D3A62B /* Matze.jpg in Resources */ = {isa = PBXBuildFile; fileRef = FADE217617BCF58700D3A62B /* Matze.jpg */; };
		FADE218F17BCF58700D3A62B /* Max.jpg in Resources */ = {isa = PBXBuildFile; fileRef = FADE217717BCF58700D3A62B /* Max.jpg */; };
		FADE219017BCF58700D3A62B /* Michael.jpg in Resources */ = {isa = PBXBuildFile; fileRef = FADE217817BCF58700D3A62B /* Michael.jpg */; };
		FADE219217BCF58700D3A62B /* Olivia.jpg in Resources */ = {isa = PBXBuildFile; fileRef = FADE217A17BCF58700D3A62B /* Olivia.jpg */; };
		FADE219417BCF58700D3A62B /* Veronica.jpg in Resources */ = {isa = PBXBuildFile; fileRef = FADE217C17BCF58700D3A62B /* Veronica.jpg */; };
		FADE219517BCF58700D3A62B /* Victoria.jpg in Resources */ = {isa = PBXBuildFile; fileRef = FADE217D17BCF58700D3A62B /* Victoria.jpg */; };
		FADE219B17BD132400D3A62B /* UIBezierPath+MessagesGlyph.m in Sources */ = {isa = PBXBuildFile; fileRef = FADE219A17BD132400D3A62B /* UIBezierPath+MessagesGlyph.m */; };
		FADE219E17BD15BB00D3A62B /* UIBezierPath+MenuGlyph.m in Sources */ = {isa = PBXBuildFile; fileRef = FADE219D17BD15BB00D3A62B /* UIBezierPath+MenuGlyph.m */; };
		FAE475DE17C0EAF0006B2C65 /* AWFProfileViewController.m in Sources */ = {isa = PBXBuildFile; fileRef = FAE475DD17C0EAF0006B2C65 /* AWFProfileViewController.m */; };
		FAE475E117C0EC15006B2C65 /* AWFProfileHeaderView.m in Sources */ = {isa = PBXBuildFile; fileRef = FAE475E017C0EC15006B2C65 /* AWFProfileHeaderView.m */; };
		FAE475E417C0F8A4006B2C65 /* AWFPhotoCollectionViewCell.m in Sources */ = {isa = PBXBuildFile; fileRef = FAE475E317C0F8A4006B2C65 /* AWFPhotoCollectionViewCell.m */; };
		FAE475F717C0FAEE006B2C65 /* Jasmin_0.jpg in Resources */ = {isa = PBXBuildFile; fileRef = FAE475F217C0FAEE006B2C65 /* Jasmin_0.jpg */; };
		FAE475F817C0FAEE006B2C65 /* Jasmin_1.jpg in Resources */ = {isa = PBXBuildFile; fileRef = FAE475F317C0FAEE006B2C65 /* Jasmin_1.jpg */; };
		FAE475F917C0FAEE006B2C65 /* Jasmin_2.jpg in Resources */ = {isa = PBXBuildFile; fileRef = FAE475F417C0FAEE006B2C65 /* Jasmin_2.jpg */; };
		FAE475FA17C0FAEE006B2C65 /* Jasmin_3.jpg in Resources */ = {isa = PBXBuildFile; fileRef = FAE475F517C0FAEE006B2C65 /* Jasmin_3.jpg */; };
		FAE475FB17C0FAEE006B2C65 /* Jasmin_4.jpg in Resources */ = {isa = PBXBuildFile; fileRef = FAE475F617C0FAEE006B2C65 /* Jasmin_4.jpg */; };
		FAE4760117C0FDDA006B2C65 /* Jasmin_t0.jpg in Resources */ = {isa = PBXBuildFile; fileRef = FAE475FC17C0FDDA006B2C65 /* Jasmin_t0.jpg */; };
		FAE4760217C0FDDA006B2C65 /* Jasmin_t1.jpg in Resources */ = {isa = PBXBuildFile; fileRef = FAE475FD17C0FDDA006B2C65 /* Jasmin_t1.jpg */; };
		FAE4760317C0FDDA006B2C65 /* Jasmin_t2.jpg in Resources */ = {isa = PBXBuildFile; fileRef = FAE475FE17C0FDDA006B2C65 /* Jasmin_t2.jpg */; };
		FAE4760417C0FDDA006B2C65 /* Jasmin_t3.jpg in Resources */ = {isa = PBXBuildFile; fileRef = FAE475FF17C0FDDA006B2C65 /* Jasmin_t3.jpg */; };
		FAE4760517C0FDDA006B2C65 /* Jasmin_t4.jpg in Resources */ = {isa = PBXBuildFile; fileRef = FAE4760017C0FDDA006B2C65 /* Jasmin_t4.jpg */; };
		FAE4760817C112FF006B2C65 /* AWFProfileTableViewCell.m in Sources */ = {isa = PBXBuildFile; fileRef = FAE4760717C112FF006B2C65 /* AWFProfileTableViewCell.m */; };
		FAE4760B17C121A7006B2C65 /* UIBezierPath+AccessoryArrowGlyph.m in Sources */ = {isa = PBXBuildFile; fileRef = FAE4760A17C121A7006B2C65 /* UIBezierPath+AccessoryArrowGlyph.m */; };
		FAF0F3CF18D49E920063BB30 /* AWFMapViewController.m in Sources */ = {isa = PBXBuildFile; fileRef = FAF0F3CE18D49E920063BB30 /* AWFMapViewController.m */; };
		FAF0F3D218D49F7D0063BB30 /* MKMapView+AWFCentering.m in Sources */ = {isa = PBXBuildFile; fileRef = FAF0F3D118D49F7D0063BB30 /* MKMapView+AWFCentering.m */; };
		FAF0F3E218D4AEBB0063BB30 /* AWFMessagesViewCell.m in Sources */ = {isa = PBXBuildFile; fileRef = FAF0F3DF18D4AEBB0063BB30 /* AWFMessagesViewCell.m */; };
		FAF0F3E318D4AEBB0063BB30 /* AWFMessagesViewController.m in Sources */ = {isa = PBXBuildFile; fileRef = FAF0F3E118D4AEBB0063BB30 /* AWFMessagesViewController.m */; };
		FAF0F3E718D4CD8B0063BB30 /* AWFMyProfileViewController.m in Sources */ = {isa = PBXBuildFile; fileRef = FAF0F3E618D4CD8B0063BB30 /* AWFMyProfileViewController.m */; };
/* End PBXBuildFile section */

/* Begin PBXContainerItemProxy section */
		FADBF67917ADB68E00325DD1 /* PBXContainerItemProxy */ = {
			isa = PBXContainerItemProxy;
			containerPortal = FADBF65117ADB68E00325DD1 /* Project object */;
			proxyType = 1;
			remoteGlobalIDString = FADBF65817ADB68E00325DD1;
			remoteInfo = AnywhereFriends;
		};
/* End PBXContainerItemProxy section */

/* Begin PBXFileReference section */
		0F2C3DEB3B93444CA8AA2F6A /* Pods.xcconfig */ = {isa = PBXFileReference; includeInIndex = 1; lastKnownFileType = text.xcconfig; name = Pods.xcconfig; path = Pods/Pods.xcconfig; sourceTree = SOURCE_ROOT; };
		8FE6E10FA69445AA854D1E68 /* libPods.a */ = {isa = PBXFileReference; explicitFileType = archive.ar; includeInIndex = 0; path = libPods.a; sourceTree = BUILT_PRODUCTS_DIR; };
		FA11ACA317B11A7500028A55 /* AWFLoginFormViewCell.h */ = {isa = PBXFileReference; fileEncoding = 4; lastKnownFileType = sourcecode.c.h; path = AWFLoginFormViewCell.h; sourceTree = "<group>"; };
		FA11ACA417B11A7500028A55 /* AWFLoginFormViewCell.m */ = {isa = PBXFileReference; fileEncoding = 4; lastKnownFileType = sourcecode.c.objc; path = AWFLoginFormViewCell.m; sourceTree = "<group>"; };
		FA11ACAD17B1286500028A55 /* Podfile */ = {isa = PBXFileReference; lastKnownFileType = text; path = Podfile; sourceTree = SOURCE_ROOT; xcLanguageSpecificationIdentifier = xcode.lang.ruby; };
		FA11ACAE17B136EA00028A55 /* AWFLoginConnectViewCell.h */ = {isa = PBXFileReference; fileEncoding = 4; lastKnownFileType = sourcecode.c.h; path = AWFLoginConnectViewCell.h; sourceTree = "<group>"; };
		FA11ACAF17B136EA00028A55 /* AWFLoginConnectViewCell.m */ = {isa = PBXFileReference; fileEncoding = 4; lastKnownFileType = sourcecode.c.objc; path = AWFLoginConnectViewCell.m; sourceTree = "<group>"; };
		FA11ACB217B1385E00028A55 /* UIBezierPath+FacebookGlyph.h */ = {isa = PBXFileReference; fileEncoding = 4; lastKnownFileType = sourcecode.c.h; path = "UIBezierPath+FacebookGlyph.h"; sourceTree = "<group>"; };
		FA11ACB317B1385E00028A55 /* UIBezierPath+FacebookGlyph.m */ = {isa = PBXFileReference; fileEncoding = 4; lastKnownFileType = sourcecode.c.objc; path = "UIBezierPath+FacebookGlyph.m"; sourceTree = "<group>"; };
		FA11ACB417B1385E00028A55 /* UIBezierPath+TwitterGlyph.h */ = {isa = PBXFileReference; fileEncoding = 4; lastKnownFileType = sourcecode.c.h; path = "UIBezierPath+TwitterGlyph.h"; sourceTree = "<group>"; };
		FA11ACB517B1385E00028A55 /* UIBezierPath+TwitterGlyph.m */ = {isa = PBXFileReference; fileEncoding = 4; lastKnownFileType = sourcecode.c.objc; path = "UIBezierPath+TwitterGlyph.m"; sourceTree = "<group>"; };
		FA11ACB917B1389400028A55 /* AWFButton.h */ = {isa = PBXFileReference; fileEncoding = 4; lastKnownFileType = sourcecode.c.h; path = AWFButton.h; sourceTree = "<group>"; };
		FA11ACBA17B1389400028A55 /* AWFButton.m */ = {isa = PBXFileReference; fileEncoding = 4; lastKnownFileType = sourcecode.c.objc; path = AWFButton.m; sourceTree = "<group>"; };
		FA11ACC117B1389400028A55 /* AWFIconButton.h */ = {isa = PBXFileReference; fileEncoding = 4; lastKnownFileType = sourcecode.c.h; path = AWFIconButton.h; sourceTree = "<group>"; };
		FA11ACC217B1389400028A55 /* AWFIconButton.m */ = {isa = PBXFileReference; fileEncoding = 4; lastKnownFileType = sourcecode.c.objc; path = AWFIconButton.m; sourceTree = "<group>"; };
		FA11ACC317B1389400028A55 /* AWFIconLabelButton.h */ = {isa = PBXFileReference; fileEncoding = 4; lastKnownFileType = sourcecode.c.h; path = AWFIconLabelButton.h; sourceTree = "<group>"; };
		FA11ACC417B1389400028A55 /* AWFIconLabelButton.m */ = {isa = PBXFileReference; fileEncoding = 4; lastKnownFileType = sourcecode.c.objc; path = AWFIconLabelButton.m; sourceTree = "<group>"; };
		FA11ACC517B1389400028A55 /* AWFLabelButton.h */ = {isa = PBXFileReference; fileEncoding = 4; lastKnownFileType = sourcecode.c.h; path = AWFLabelButton.h; sourceTree = "<group>"; };
		FA11ACC617B1389400028A55 /* AWFLabelButton.m */ = {isa = PBXFileReference; fileEncoding = 4; lastKnownFileType = sourcecode.c.objc; path = AWFLabelButton.m; sourceTree = "<group>"; };
		FA11ACCE17B138D000028A55 /* AWFIconLabelView.h */ = {isa = PBXFileReference; fileEncoding = 4; lastKnownFileType = sourcecode.c.h; path = AWFIconLabelView.h; sourceTree = "<group>"; };
		FA11ACCF17B138D000028A55 /* AWFIconLabelView.m */ = {isa = PBXFileReference; fileEncoding = 4; lastKnownFileType = sourcecode.c.objc; path = AWFIconLabelView.m; sourceTree = "<group>"; };
		FA11ACD017B138D100028A55 /* AWFShapeView.h */ = {isa = PBXFileReference; fileEncoding = 4; lastKnownFileType = sourcecode.c.h; path = AWFShapeView.h; sourceTree = "<group>"; };
		FA11ACD117B138D100028A55 /* AWFShapeView.m */ = {isa = PBXFileReference; fileEncoding = 4; lastKnownFileType = sourcecode.c.objc; path = AWFShapeView.m; sourceTree = "<group>"; };
		FA11ACD417B14B2400028A55 /* HelveticaNeueLTCom-LtCn.ttf */ = {isa = PBXFileReference; lastKnownFileType = file; path = "HelveticaNeueLTCom-LtCn.ttf"; sourceTree = "<group>"; };
		FA11ACD617B14D2500028A55 /* HelveticaNeueLTCom-MdCn.ttf */ = {isa = PBXFileReference; lastKnownFileType = file; path = "HelveticaNeueLTCom-MdCn.ttf"; sourceTree = "<group>"; };
		FA1EEC6317B266A500668A40 /* AWFSignupViewController.h */ = {isa = PBXFileReference; fileEncoding = 4; lastKnownFileType = sourcecode.c.h; path = AWFSignupViewController.h; sourceTree = "<group>"; };
		FA1EEC6417B266A500668A40 /* AWFSignupViewController.m */ = {isa = PBXFileReference; fileEncoding = 4; lastKnownFileType = sourcecode.c.objc; path = AWFSignupViewController.m; sourceTree = "<group>"; };
		FA1EEC6617B2824B00668A40 /* UIBezierPath+VKontakteGlyph.h */ = {isa = PBXFileReference; fileEncoding = 4; lastKnownFileType = sourcecode.c.h; path = "UIBezierPath+VKontakteGlyph.h"; sourceTree = "<group>"; };
		FA1EEC6717B2824B00668A40 /* UIBezierPath+VKontakteGlyph.m */ = {isa = PBXFileReference; fileEncoding = 4; lastKnownFileType = sourcecode.c.objc; path = "UIBezierPath+VKontakteGlyph.m"; sourceTree = "<group>"; };
		FA3092F418098A3D001F25F2 /* AWFNavigationController.h */ = {isa = PBXFileReference; fileEncoding = 4; lastKnownFileType = sourcecode.c.h; path = AWFNavigationController.h; sourceTree = "<group>"; };
		FA3092F518098A3D001F25F2 /* AWFNavigationController.m */ = {isa = PBXFileReference; fileEncoding = 4; lastKnownFileType = sourcecode.c.objc; path = AWFNavigationController.m; sourceTree = "<group>"; };
		FA3092F718098A64001F25F2 /* AWFNavigationBar.h */ = {isa = PBXFileReference; fileEncoding = 4; lastKnownFileType = sourcecode.c.h; path = AWFNavigationBar.h; sourceTree = "<group>"; };
		FA3092F818098A64001F25F2 /* AWFNavigationBar.m */ = {isa = PBXFileReference; fileEncoding = 4; lastKnownFileType = sourcecode.c.objc; path = AWFNavigationBar.m; sourceTree = "<group>"; };
		FA4532E1188B014900A1E242 /* AWFObject.h */ = {isa = PBXFileReference; fileEncoding = 4; lastKnownFileType = sourcecode.c.h; path = AWFObject.h; sourceTree = "<group>"; };
		FA4532E2188B014900A1E242 /* AWFObject.m */ = {isa = PBXFileReference; fileEncoding = 4; lastKnownFileType = sourcecode.c.objc; path = AWFObject.m; sourceTree = "<group>"; };
		FA4532E4188B2ED500A1E242 /* AWFAgeFormatter.h */ = {isa = PBXFileReference; fileEncoding = 4; lastKnownFileType = sourcecode.c.h; path = AWFAgeFormatter.h; sourceTree = "<group>"; };
		FA4532E5188B2ED500A1E242 /* AWFAgeFormatter.m */ = {isa = PBXFileReference; fileEncoding = 4; lastKnownFileType = sourcecode.c.objc; path = AWFAgeFormatter.m; sourceTree = "<group>"; };
		FA4532E7188B404C00A1E242 /* AWFValueTransformers.h */ = {isa = PBXFileReference; fileEncoding = 4; lastKnownFileType = sourcecode.c.h; path = AWFValueTransformers.h; sourceTree = "<group>"; };
		FA4532E8188B404C00A1E242 /* AWFValueTransformers.m */ = {isa = PBXFileReference; fileEncoding = 4; lastKnownFileType = sourcecode.c.objc; path = AWFValueTransformers.m; sourceTree = "<group>"; };
		FA4532EA188B411400A1E242 /* AWFGender.h */ = {isa = PBXFileReference; lastKnownFileType = sourcecode.c.h; path = AWFGender.h; sourceTree = "<group>"; };
		FA4532EB188B43E600A1E242 /* AWFGenderFormatter.h */ = {isa = PBXFileReference; fileEncoding = 4; lastKnownFileType = sourcecode.c.h; path = AWFGenderFormatter.h; sourceTree = "<group>"; };
		FA4532EC188B43E600A1E242 /* AWFGenderFormatter.m */ = {isa = PBXFileReference; fileEncoding = 4; lastKnownFileType = sourcecode.c.objc; path = AWFGenderFormatter.m; sourceTree = "<group>"; };
		FA57837218D4776600F10FD7 /* AWFFriendsViewCell.h */ = {isa = PBXFileReference; fileEncoding = 4; lastKnownFileType = sourcecode.c.h; path = AWFFriendsViewCell.h; sourceTree = "<group>"; };
		FA57837318D4776600F10FD7 /* AWFFriendsViewCell.m */ = {isa = PBXFileReference; fileEncoding = 4; lastKnownFileType = sourcecode.c.objc; path = AWFFriendsViewCell.m; sourceTree = "<group>"; };
		FA57F9D718D24A0900E12B5F /* AWFViewController.h */ = {isa = PBXFileReference; fileEncoding = 4; lastKnownFileType = sourcecode.c.h; path = AWFViewController.h; sourceTree = "<group>"; };
		FA57F9D818D24A0900E12B5F /* AWFViewController.m */ = {isa = PBXFileReference; fileEncoding = 4; lastKnownFileType = sourcecode.c.objc; path = AWFViewController.m; sourceTree = "<group>"; };
		FA57F9DB18D268C300E12B5F /* AWFFriendsViewController.h */ = {isa = PBXFileReference; fileEncoding = 4; lastKnownFileType = sourcecode.c.h; path = AWFFriendsViewController.h; sourceTree = "<group>"; };
		FA57F9DC18D268C300E12B5F /* AWFFriendsViewController.m */ = {isa = PBXFileReference; fileEncoding = 4; lastKnownFileType = sourcecode.c.objc; path = AWFFriendsViewController.m; sourceTree = "<group>"; };
		FA7667011814242D0093A4CA /* AWFGenderPicker.h */ = {isa = PBXFileReference; fileEncoding = 4; lastKnownFileType = sourcecode.c.h; path = AWFGenderPicker.h; sourceTree = "<group>"; };
		FA7667021814242D0093A4CA /* AWFGenderPicker.m */ = {isa = PBXFileReference; fileEncoding = 4; lastKnownFileType = sourcecode.c.objc; path = AWFGenderPicker.m; sourceTree = "<group>"; };
		FA8AA2DF18833123005FC371 /* AWFPerson.h */ = {isa = PBXFileReference; fileEncoding = 4; lastKnownFileType = sourcecode.c.h; path = AWFPerson.h; sourceTree = "<group>"; };
		FA8AA2E018833123005FC371 /* AWFPerson.m */ = {isa = PBXFileReference; fileEncoding = 4; lastKnownFileType = sourcecode.c.objc; path = AWFPerson.m; sourceTree = "<group>"; };
		FA8D71C61868746B00C4B6CC /* AWFLocationManager.h */ = {isa = PBXFileReference; fileEncoding = 4; lastKnownFileType = sourcecode.c.h; path = AWFLocationManager.h; sourceTree = "<group>"; };
		FA8D71C71868746B00C4B6CC /* AWFLocationManager.m */ = {isa = PBXFileReference; fileEncoding = 4; lastKnownFileType = sourcecode.c.objc; path = AWFLocationManager.m; sourceTree = "<group>"; };
		FA8D71CB1868898F00C4B6CC /* default.gpx */ = {isa = PBXFileReference; fileEncoding = 4; lastKnownFileType = text.xml; path = default.gpx; sourceTree = "<group>"; };
		FA8D71CD18688EC000C4B6CC /* AWFNearbyViewCell.h */ = {isa = PBXFileReference; fileEncoding = 4; lastKnownFileType = sourcecode.c.h; path = AWFNearbyViewCell.h; sourceTree = "<group>"; };
		FA8D71CE18688EC000C4B6CC /* AWFNearbyViewCell.m */ = {isa = PBXFileReference; fileEncoding = 4; lastKnownFileType = sourcecode.c.objc; path = AWFNearbyViewCell.m; sourceTree = "<group>"; };
		FA8D9AF718DB860C00262071 /* AWFActivity.h */ = {isa = PBXFileReference; fileEncoding = 4; lastKnownFileType = sourcecode.c.h; path = AWFActivity.h; sourceTree = "<group>"; };
		FA8D9AF818DB860C00262071 /* AWFActivity.m */ = {isa = PBXFileReference; fileEncoding = 4; lastKnownFileType = sourcecode.c.objc; path = AWFActivity.m; sourceTree = "<group>"; };
		FA9A964318CCB2F000F65856 /* AWFWeightFormatter.h */ = {isa = PBXFileReference; fileEncoding = 4; lastKnownFileType = sourcecode.c.h; path = AWFWeightFormatter.h; sourceTree = "<group>"; };
		FA9A964418CCB2F000F65856 /* AWFWeightFormatter.m */ = {isa = PBXFileReference; fileEncoding = 4; lastKnownFileType = sourcecode.c.objc; path = AWFWeightFormatter.m; sourceTree = "<group>"; };
		FA9A964618CCB3CA00F65856 /* AWFHeightFormatter.h */ = {isa = PBXFileReference; fileEncoding = 4; lastKnownFileType = sourcecode.c.h; path = AWFHeightFormatter.h; sourceTree = "<group>"; };
		FA9A964718CCB3CA00F65856 /* AWFHeightFormatter.m */ = {isa = PBXFileReference; fileEncoding = 4; lastKnownFileType = sourcecode.c.objc; path = AWFHeightFormatter.m; sourceTree = "<group>"; };
		FAB4BF9C1875AB6C009CC02B /* AWFLayoutGuide.h */ = {isa = PBXFileReference; fileEncoding = 4; lastKnownFileType = sourcecode.c.h; path = AWFLayoutGuide.h; sourceTree = "<group>"; };
		FAB4BF9D1875AB6C009CC02B /* AWFLayoutGuide.m */ = {isa = PBXFileReference; fileEncoding = 4; lastKnownFileType = sourcecode.c.objc; path = AWFLayoutGuide.m; sourceTree = "<group>"; };
		FAB866E3180AAB60005FF64B /* AWFSession.h */ = {isa = PBXFileReference; fileEncoding = 4; lastKnownFileType = sourcecode.c.h; path = AWFSession.h; sourceTree = "<group>"; };
		FAB866E4180AAB60005FF64B /* AWFSession.m */ = {isa = PBXFileReference; fileEncoding = 4; lastKnownFileType = sourcecode.c.objc; path = AWFSession.m; sourceTree = "<group>"; };
		FADBF65917ADB68E00325DD1 /* AnywhereFriends.app */ = {isa = PBXFileReference; explicitFileType = wrapper.application; includeInIndex = 0; path = AnywhereFriends.app; sourceTree = BUILT_PRODUCTS_DIR; };
		FADBF65C17ADB68E00325DD1 /* Foundation.framework */ = {isa = PBXFileReference; lastKnownFileType = wrapper.framework; name = Foundation.framework; path = System/Library/Frameworks/Foundation.framework; sourceTree = SDKROOT; };
		FADBF65E17ADB68E00325DD1 /* CoreGraphics.framework */ = {isa = PBXFileReference; lastKnownFileType = wrapper.framework; name = CoreGraphics.framework; path = System/Library/Frameworks/CoreGraphics.framework; sourceTree = SDKROOT; };
		FADBF66017ADB68E00325DD1 /* UIKit.framework */ = {isa = PBXFileReference; lastKnownFileType = wrapper.framework; name = UIKit.framework; path = System/Library/Frameworks/UIKit.framework; sourceTree = SDKROOT; };
		FADBF66417ADB68E00325DD1 /* AnywhereFriends-Info.plist */ = {isa = PBXFileReference; lastKnownFileType = text.plist.xml; path = "AnywhereFriends-Info.plist"; sourceTree = "<group>"; };
		FADBF66617ADB68E00325DD1 /* en */ = {isa = PBXFileReference; lastKnownFileType = text.plist.strings; name = en; path = en.lproj/InfoPlist.strings; sourceTree = "<group>"; };
		FADBF66817ADB68E00325DD1 /* main.m */ = {isa = PBXFileReference; lastKnownFileType = sourcecode.c.objc; path = main.m; sourceTree = "<group>"; };
		FADBF66A17ADB68E00325DD1 /* AnywhereFriends-Prefix.pch */ = {isa = PBXFileReference; lastKnownFileType = sourcecode.c.h; path = "AnywhereFriends-Prefix.pch"; sourceTree = "<group>"; };
		FADBF66B17ADB68E00325DD1 /* AWFAppDelegate.h */ = {isa = PBXFileReference; lastKnownFileType = sourcecode.c.h; path = AWFAppDelegate.h; sourceTree = "<group>"; };
		FADBF66C17ADB68E00325DD1 /* AWFAppDelegate.m */ = {isa = PBXFileReference; lastKnownFileType = sourcecode.c.objc; path = AWFAppDelegate.m; sourceTree = "<group>"; };
		FADBF66E17ADB68E00325DD1 /* Images.xcassets */ = {isa = PBXFileReference; lastKnownFileType = folder.assetcatalog; name = Images.xcassets; path = ../AnywhereFriends/Images.xcassets; sourceTree = "<group>"; };
		FADBF67417ADB68E00325DD1 /* AnywhereFriendsTests.xctest */ = {isa = PBXFileReference; explicitFileType = wrapper.cfbundle; includeInIndex = 0; path = AnywhereFriendsTests.xctest; sourceTree = BUILT_PRODUCTS_DIR; };
		FADBF67517ADB68E00325DD1 /* XCTest.framework */ = {isa = PBXFileReference; lastKnownFileType = wrapper.framework; name = XCTest.framework; path = Library/Frameworks/XCTest.framework; sourceTree = DEVELOPER_DIR; };
		FADBF67D17ADB68E00325DD1 /* AnywhereFriendsTests-Info.plist */ = {isa = PBXFileReference; lastKnownFileType = text.plist.xml; path = "AnywhereFriendsTests-Info.plist"; sourceTree = "<group>"; };
		FADBF67F17ADB68E00325DD1 /* en */ = {isa = PBXFileReference; lastKnownFileType = text.plist.strings; name = en; path = en.lproj/InfoPlist.strings; sourceTree = "<group>"; };
		FADBF68117ADB68E00325DD1 /* AnywhereFriendsTests.m */ = {isa = PBXFileReference; lastKnownFileType = sourcecode.c.objc; path = AnywhereFriendsTests.m; sourceTree = "<group>"; };
		FADBF68C17ADB74400325DD1 /* AWFLoginViewController.h */ = {isa = PBXFileReference; fileEncoding = 4; lastKnownFileType = sourcecode.c.h; path = AWFLoginViewController.h; sourceTree = "<group>"; };
		FADBF68D17ADB74400325DD1 /* AWFLoginViewController.m */ = {isa = PBXFileReference; fileEncoding = 4; lastKnownFileType = sourcecode.c.objc; path = AWFLoginViewController.m; sourceTree = "<group>"; };
		FADBF69017ADB7AA00325DD1 /* AWFNavigationTitleView.h */ = {isa = PBXFileReference; fileEncoding = 4; lastKnownFileType = sourcecode.c.h; path = AWFNavigationTitleView.h; sourceTree = "<group>"; };
		FADBF69117ADB7AA00325DD1 /* AWFNavigationTitleView.m */ = {isa = PBXFileReference; fileEncoding = 4; lastKnownFileType = sourcecode.c.objc; path = AWFNavigationTitleView.m; sourceTree = "<group>"; };
		FADBF69417ADB7EC00325DD1 /* UIFont+CustomFonts.h */ = {isa = PBXFileReference; fileEncoding = 4; lastKnownFileType = sourcecode.c.h; path = "UIFont+CustomFonts.h"; sourceTree = "<group>"; };
		FADBF69517ADB7EC00325DD1 /* UIFont+CustomFonts.m */ = {isa = PBXFileReference; fileEncoding = 4; lastKnownFileType = sourcecode.c.objc; path = "UIFont+CustomFonts.m"; sourceTree = "<group>"; };
		FADBF69817ADBADC00325DD1 /* MAGNETOB.TTF */ = {isa = PBXFileReference; lastKnownFileType = file; path = MAGNETOB.TTF; sourceTree = "<group>"; };
		FADBF69B17ADBFDF00325DD1 /* UIColor+CustomColors.h */ = {isa = PBXFileReference; fileEncoding = 4; lastKnownFileType = sourcecode.c.h; path = "UIColor+CustomColors.h"; sourceTree = "<group>"; };
		FADBF69C17ADBFDF00325DD1 /* UIColor+CustomColors.m */ = {isa = PBXFileReference; fileEncoding = 4; lastKnownFileType = sourcecode.c.objc; path = "UIColor+CustomColors.m"; sourceTree = "<group>"; };
		FADBF69E17ADC20300325DD1 /* ru */ = {isa = PBXFileReference; lastKnownFileType = text.plist.strings; name = ru; path = ru.lproj/InfoPlist.strings; sourceTree = "<group>"; };
		FADBF69F17ADC20300325DD1 /* ru */ = {isa = PBXFileReference; lastKnownFileType = text.plist.strings; name = ru; path = ru.lproj/InfoPlist.strings; sourceTree = "<group>"; };
		FADBF6A317ADC23600325DD1 /* en */ = {isa = PBXFileReference; lastKnownFileType = text.plist.strings; name = en; path = en.lproj/Localizable.strings; sourceTree = "<group>"; };
		FADBF6A517ADC23900325DD1 /* ru */ = {isa = PBXFileReference; lastKnownFileType = text.plist.strings; name = ru; path = ru.lproj/Localizable.strings; sourceTree = "<group>"; };
		FADBF6A917ADC59E00325DD1 /* QuartzCore.framework */ = {isa = PBXFileReference; lastKnownFileType = wrapper.framework; name = QuartzCore.framework; path = System/Library/Frameworks/QuartzCore.framework; sourceTree = SDKROOT; };
		FADBF6B117ADCE5400325DD1 /* UIImage+CustomBackgrounds.h */ = {isa = PBXFileReference; fileEncoding = 4; lastKnownFileType = sourcecode.c.h; path = "UIImage+CustomBackgrounds.h"; sourceTree = "<group>"; };
		FADBF6B217ADCE5400325DD1 /* UIImage+CustomBackgrounds.m */ = {isa = PBXFileReference; fileEncoding = 4; lastKnownFileType = sourcecode.c.objc; path = "UIImage+CustomBackgrounds.m"; sourceTree = "<group>"; };
		FADBF6B417ADCE9800325DD1 /* CGContext+Blocks.h */ = {isa = PBXFileReference; fileEncoding = 4; lastKnownFileType = sourcecode.c.h; path = "CGContext+Blocks.h"; sourceTree = "<group>"; };
		FADBF6B517ADCE9800325DD1 /* CGContext+Blocks.m */ = {isa = PBXFileReference; fileEncoding = 4; lastKnownFileType = sourcecode.c.objc; path = "CGContext+Blocks.m"; sourceTree = "<group>"; };
		FADBF6B717ADCF6600325DD1 /* UIColor+ColorTools.h */ = {isa = PBXFileReference; lastKnownFileType = sourcecode.c.h; path = "UIColor+ColorTools.h"; sourceTree = "<group>"; };
		FADBF6B817ADCF6600325DD1 /* UIColor+ColorTools.m */ = {isa = PBXFileReference; lastKnownFileType = sourcecode.c.objc; path = "UIColor+ColorTools.m"; sourceTree = "<group>"; };
		FADE215917BCD38D00D3A62B /* MapKit.framework */ = {isa = PBXFileReference; lastKnownFileType = wrapper.framework; name = MapKit.framework; path = System/Library/Frameworks/MapKit.framework; sourceTree = SDKROOT; };
		FADE215B17BCDB1700D3A62B /* AWFNearbyViewController.h */ = {isa = PBXFileReference; fileEncoding = 4; lastKnownFileType = sourcecode.c.h; path = AWFNearbyViewController.h; sourceTree = "<group>"; };
		FADE215C17BCDB1700D3A62B /* AWFNearbyViewController.m */ = {isa = PBXFileReference; fileEncoding = 4; lastKnownFileType = sourcecode.c.objc; path = AWFNearbyViewController.m; sourceTree = "<group>"; };
		FADE216617BCF58700D3A62B /* Ajda.jpg */ = {isa = PBXFileReference; lastKnownFileType = image.jpeg; path = Ajda.jpg; sourceTree = "<group>"; };
		FADE216717BCF58700D3A62B /* Alessio.jpg */ = {isa = PBXFileReference; lastKnownFileType = image.jpeg; path = Alessio.jpg; sourceTree = "<group>"; };
		FADE216917BCF58700D3A62B /* Andrea.jpg */ = {isa = PBXFileReference; lastKnownFileType = image.jpeg; path = Andrea.jpg; sourceTree = "<group>"; };
		FADE216A17BCF58700D3A62B /* Carrie.jpg */ = {isa = PBXFileReference; lastKnownFileType = image.jpeg; path = Carrie.jpg; sourceTree = "<group>"; };
		FADE216B17BCF58700D3A62B /* Damien.jpg */ = {isa = PBXFileReference; lastKnownFileType = image.jpeg; path = Damien.jpg; sourceTree = "<group>"; };
		FADE216C17BCF58700D3A62B /* Ebba.jpg */ = {isa = PBXFileReference; lastKnownFileType = image.jpeg; path = Ebba.jpg; sourceTree = "<group>"; };
		FADE216D17BCF58700D3A62B /* Emilia.jpg */ = {isa = PBXFileReference; lastKnownFileType = image.jpeg; path = Emilia.jpg; sourceTree = "<group>"; };
		FADE216E17BCF58700D3A62B /* Jacky.jpg */ = {isa = PBXFileReference; lastKnownFileType = image.jpeg; path = Jacky.jpg; sourceTree = "<group>"; };
		FADE216F17BCF58700D3A62B /* Kenza.jpg */ = {isa = PBXFileReference; lastKnownFileType = image.jpeg; path = Kenza.jpg; sourceTree = "<group>"; };
		FADE217017BCF58700D3A62B /* Kristina.jpg */ = {isa = PBXFileReference; lastKnownFileType = image.jpeg; path = Kristina.jpg; sourceTree = "<group>"; };
		FADE217117BCF58700D3A62B /* Lauren.jpg */ = {isa = PBXFileReference; lastKnownFileType = image.jpeg; path = Lauren.jpg; sourceTree = "<group>"; };
		FADE217217BCF58700D3A62B /* Lorenza.jpg */ = {isa = PBXFileReference; lastKnownFileType = image.jpeg; path = Lorenza.jpg; sourceTree = "<group>"; };
		FADE217317BCF58700D3A62B /* Marie.jpg */ = {isa = PBXFileReference; lastKnownFileType = image.jpeg; path = Marie.jpg; sourceTree = "<group>"; };
		FADE217417BCF58700D3A62B /* Marine.jpg */ = {isa = PBXFileReference; lastKnownFileType = image.jpeg; path = Marine.jpg; sourceTree = "<group>"; };
		FADE217517BCF58700D3A62B /* Marissa.jpg */ = {isa = PBXFileReference; lastKnownFileType = image.jpeg; path = Marissa.jpg; sourceTree = "<group>"; };
		FADE217617BCF58700D3A62B /* Matze.jpg */ = {isa = PBXFileReference; lastKnownFileType = image.jpeg; path = Matze.jpg; sourceTree = "<group>"; };
		FADE217717BCF58700D3A62B /* Max.jpg */ = {isa = PBXFileReference; lastKnownFileType = image.jpeg; path = Max.jpg; sourceTree = "<group>"; };
		FADE217817BCF58700D3A62B /* Michael.jpg */ = {isa = PBXFileReference; lastKnownFileType = image.jpeg; path = Michael.jpg; sourceTree = "<group>"; };
		FADE217A17BCF58700D3A62B /* Olivia.jpg */ = {isa = PBXFileReference; lastKnownFileType = image.jpeg; path = Olivia.jpg; sourceTree = "<group>"; };
		FADE217C17BCF58700D3A62B /* Veronica.jpg */ = {isa = PBXFileReference; lastKnownFileType = image.jpeg; path = Veronica.jpg; sourceTree = "<group>"; };
		FADE217D17BCF58700D3A62B /* Victoria.jpg */ = {isa = PBXFileReference; lastKnownFileType = image.jpeg; path = Victoria.jpg; sourceTree = "<group>"; };
		FADE219917BD132400D3A62B /* UIBezierPath+MessagesGlyph.h */ = {isa = PBXFileReference; fileEncoding = 4; lastKnownFileType = sourcecode.c.h; path = "UIBezierPath+MessagesGlyph.h"; sourceTree = "<group>"; };
		FADE219A17BD132400D3A62B /* UIBezierPath+MessagesGlyph.m */ = {isa = PBXFileReference; fileEncoding = 4; lastKnownFileType = sourcecode.c.objc; path = "UIBezierPath+MessagesGlyph.m"; sourceTree = "<group>"; };
		FADE219C17BD15BB00D3A62B /* UIBezierPath+MenuGlyph.h */ = {isa = PBXFileReference; fileEncoding = 4; lastKnownFileType = sourcecode.c.h; path = "UIBezierPath+MenuGlyph.h"; sourceTree = "<group>"; };
		FADE219D17BD15BB00D3A62B /* UIBezierPath+MenuGlyph.m */ = {isa = PBXFileReference; fileEncoding = 4; lastKnownFileType = sourcecode.c.objc; path = "UIBezierPath+MenuGlyph.m"; sourceTree = "<group>"; };
		FAE475DC17C0EAF0006B2C65 /* AWFProfileViewController.h */ = {isa = PBXFileReference; fileEncoding = 4; lastKnownFileType = sourcecode.c.h; path = AWFProfileViewController.h; sourceTree = "<group>"; };
		FAE475DD17C0EAF0006B2C65 /* AWFProfileViewController.m */ = {isa = PBXFileReference; fileEncoding = 4; lastKnownFileType = sourcecode.c.objc; path = AWFProfileViewController.m; sourceTree = "<group>"; };
		FAE475DF17C0EC15006B2C65 /* AWFProfileHeaderView.h */ = {isa = PBXFileReference; fileEncoding = 4; lastKnownFileType = sourcecode.c.h; path = AWFProfileHeaderView.h; sourceTree = "<group>"; };
		FAE475E017C0EC15006B2C65 /* AWFProfileHeaderView.m */ = {isa = PBXFileReference; fileEncoding = 4; lastKnownFileType = sourcecode.c.objc; path = AWFProfileHeaderView.m; sourceTree = "<group>"; };
		FAE475E217C0F8A4006B2C65 /* AWFPhotoCollectionViewCell.h */ = {isa = PBXFileReference; fileEncoding = 4; lastKnownFileType = sourcecode.c.h; path = AWFPhotoCollectionViewCell.h; sourceTree = "<group>"; };
		FAE475E317C0F8A4006B2C65 /* AWFPhotoCollectionViewCell.m */ = {isa = PBXFileReference; fileEncoding = 4; lastKnownFileType = sourcecode.c.objc; path = AWFPhotoCollectionViewCell.m; sourceTree = "<group>"; };
		FAE475F217C0FAEE006B2C65 /* Jasmin_0.jpg */ = {isa = PBXFileReference; lastKnownFileType = image.jpeg; path = Jasmin_0.jpg; sourceTree = "<group>"; };
		FAE475F317C0FAEE006B2C65 /* Jasmin_1.jpg */ = {isa = PBXFileReference; lastKnownFileType = image.jpeg; path = Jasmin_1.jpg; sourceTree = "<group>"; };
		FAE475F417C0FAEE006B2C65 /* Jasmin_2.jpg */ = {isa = PBXFileReference; lastKnownFileType = image.jpeg; path = Jasmin_2.jpg; sourceTree = "<group>"; };
		FAE475F517C0FAEE006B2C65 /* Jasmin_3.jpg */ = {isa = PBXFileReference; lastKnownFileType = image.jpeg; path = Jasmin_3.jpg; sourceTree = "<group>"; };
		FAE475F617C0FAEE006B2C65 /* Jasmin_4.jpg */ = {isa = PBXFileReference; lastKnownFileType = image.jpeg; path = Jasmin_4.jpg; sourceTree = "<group>"; };
		FAE475FC17C0FDDA006B2C65 /* Jasmin_t0.jpg */ = {isa = PBXFileReference; lastKnownFileType = image.jpeg; path = Jasmin_t0.jpg; sourceTree = "<group>"; };
		FAE475FD17C0FDDA006B2C65 /* Jasmin_t1.jpg */ = {isa = PBXFileReference; lastKnownFileType = image.jpeg; path = Jasmin_t1.jpg; sourceTree = "<group>"; };
		FAE475FE17C0FDDA006B2C65 /* Jasmin_t2.jpg */ = {isa = PBXFileReference; lastKnownFileType = image.jpeg; path = Jasmin_t2.jpg; sourceTree = "<group>"; };
		FAE475FF17C0FDDA006B2C65 /* Jasmin_t3.jpg */ = {isa = PBXFileReference; lastKnownFileType = image.jpeg; path = Jasmin_t3.jpg; sourceTree = "<group>"; };
		FAE4760017C0FDDA006B2C65 /* Jasmin_t4.jpg */ = {isa = PBXFileReference; lastKnownFileType = image.jpeg; path = Jasmin_t4.jpg; sourceTree = "<group>"; };
		FAE4760617C112FF006B2C65 /* AWFProfileTableViewCell.h */ = {isa = PBXFileReference; fileEncoding = 4; lastKnownFileType = sourcecode.c.h; path = AWFProfileTableViewCell.h; sourceTree = "<group>"; };
		FAE4760717C112FF006B2C65 /* AWFProfileTableViewCell.m */ = {isa = PBXFileReference; fileEncoding = 4; lastKnownFileType = sourcecode.c.objc; path = AWFProfileTableViewCell.m; sourceTree = "<group>"; };
		FAE4760917C121A7006B2C65 /* UIBezierPath+AccessoryArrowGlyph.h */ = {isa = PBXFileReference; fileEncoding = 4; lastKnownFileType = sourcecode.c.h; path = "UIBezierPath+AccessoryArrowGlyph.h"; sourceTree = "<group>"; };
		FAE4760A17C121A7006B2C65 /* UIBezierPath+AccessoryArrowGlyph.m */ = {isa = PBXFileReference; fileEncoding = 4; lastKnownFileType = sourcecode.c.objc; path = "UIBezierPath+AccessoryArrowGlyph.m"; sourceTree = "<group>"; };
		FAF0F3CD18D49E920063BB30 /* AWFMapViewController.h */ = {isa = PBXFileReference; fileEncoding = 4; lastKnownFileType = sourcecode.c.h; path = AWFMapViewController.h; sourceTree = "<group>"; };
		FAF0F3CE18D49E920063BB30 /* AWFMapViewController.m */ = {isa = PBXFileReference; fileEncoding = 4; lastKnownFileType = sourcecode.c.objc; path = AWFMapViewController.m; sourceTree = "<group>"; };
		FAF0F3D018D49F7D0063BB30 /* MKMapView+AWFCentering.h */ = {isa = PBXFileReference; fileEncoding = 4; lastKnownFileType = sourcecode.c.h; path = "MKMapView+AWFCentering.h"; sourceTree = "<group>"; };
		FAF0F3D118D49F7D0063BB30 /* MKMapView+AWFCentering.m */ = {isa = PBXFileReference; fileEncoding = 4; lastKnownFileType = sourcecode.c.objc; path = "MKMapView+AWFCentering.m"; sourceTree = "<group>"; };
		FAF0F3DE18D4AEBB0063BB30 /* AWFMessagesViewCell.h */ = {isa = PBXFileReference; fileEncoding = 4; lastKnownFileType = sourcecode.c.h; path = AWFMessagesViewCell.h; sourceTree = "<group>"; };
		FAF0F3DF18D4AEBB0063BB30 /* AWFMessagesViewCell.m */ = {isa = PBXFileReference; fileEncoding = 4; lastKnownFileType = sourcecode.c.objc; path = AWFMessagesViewCell.m; sourceTree = "<group>"; };
		FAF0F3E018D4AEBB0063BB30 /* AWFMessagesViewController.h */ = {isa = PBXFileReference; fileEncoding = 4; lastKnownFileType = sourcecode.c.h; path = AWFMessagesViewController.h; sourceTree = "<group>"; };
		FAF0F3E118D4AEBB0063BB30 /* AWFMessagesViewController.m */ = {isa = PBXFileReference; fileEncoding = 4; lastKnownFileType = sourcecode.c.objc; path = AWFMessagesViewController.m; sourceTree = "<group>"; };
		FAF0F3E418D4C78D0063BB30 /* AWFConfig.h */ = {isa = PBXFileReference; lastKnownFileType = sourcecode.c.h; path = AWFConfig.h; sourceTree = "<group>"; };
		FAF0F3E518D4CD8B0063BB30 /* AWFMyProfileViewController.h */ = {isa = PBXFileReference; fileEncoding = 4; lastKnownFileType = sourcecode.c.h; path = AWFMyProfileViewController.h; sourceTree = "<group>"; };
		FAF0F3E618D4CD8B0063BB30 /* AWFMyProfileViewController.m */ = {isa = PBXFileReference; fileEncoding = 4; lastKnownFileType = sourcecode.c.objc; path = AWFMyProfileViewController.m; sourceTree = "<group>"; };
/* End PBXFileReference section */

/* Begin PBXFrameworksBuildPhase section */
		FADBF65617ADB68E00325DD1 /* Frameworks */ = {
			isa = PBXFrameworksBuildPhase;
			buildActionMask = 2147483647;
			files = (
				FADE215A17BCD38D00D3A62B /* MapKit.framework in Frameworks */,
				FADBF6AA17ADC59E00325DD1 /* QuartzCore.framework in Frameworks */,
				FADBF65F17ADB68E00325DD1 /* CoreGraphics.framework in Frameworks */,
				FADBF66117ADB68E00325DD1 /* UIKit.framework in Frameworks */,
				FADBF65D17ADB68E00325DD1 /* Foundation.framework in Frameworks */,
				06DC33336B9B492586CCB402 /* libPods.a in Frameworks */,
			);
			runOnlyForDeploymentPostprocessing = 0;
		};
		FADBF67117ADB68E00325DD1 /* Frameworks */ = {
			isa = PBXFrameworksBuildPhase;
			buildActionMask = 2147483647;
			files = (
				FADBF67617ADB68E00325DD1 /* XCTest.framework in Frameworks */,
				FADBF67817ADB68E00325DD1 /* UIKit.framework in Frameworks */,
				FADBF67717ADB68E00325DD1 /* Foundation.framework in Frameworks */,
			);
			runOnlyForDeploymentPostprocessing = 0;
		};
/* End PBXFrameworksBuildPhase section */

/* Begin PBXGroup section */
		FA11ACB117B1385E00028A55 /* Glyphs */ = {
			isa = PBXGroup;
			children = (
				FAE4760917C121A7006B2C65 /* UIBezierPath+AccessoryArrowGlyph.h */,
				FAE4760A17C121A7006B2C65 /* UIBezierPath+AccessoryArrowGlyph.m */,
				FA11ACB217B1385E00028A55 /* UIBezierPath+FacebookGlyph.h */,
				FA11ACB317B1385E00028A55 /* UIBezierPath+FacebookGlyph.m */,
				FADE219C17BD15BB00D3A62B /* UIBezierPath+MenuGlyph.h */,
				FADE219D17BD15BB00D3A62B /* UIBezierPath+MenuGlyph.m */,
				FADE219917BD132400D3A62B /* UIBezierPath+MessagesGlyph.h */,
				FADE219A17BD132400D3A62B /* UIBezierPath+MessagesGlyph.m */,
				FA11ACB417B1385E00028A55 /* UIBezierPath+TwitterGlyph.h */,
				FA11ACB517B1385E00028A55 /* UIBezierPath+TwitterGlyph.m */,
				FA1EEC6617B2824B00668A40 /* UIBezierPath+VKontakteGlyph.h */,
				FA1EEC6717B2824B00668A40 /* UIBezierPath+VKontakteGlyph.m */,
			);
			name = Glyphs;
			path = AnywhereFriends/Glyphs;
			sourceTree = SOURCE_ROOT;
		};
		FA11ACB817B1389400028A55 /* Buttons */ = {
			isa = PBXGroup;
			children = (
				FA11ACB917B1389400028A55 /* AWFButton.h */,
				FA11ACBA17B1389400028A55 /* AWFButton.m */,
				FA11ACC117B1389400028A55 /* AWFIconButton.h */,
				FA11ACC217B1389400028A55 /* AWFIconButton.m */,
				FA11ACC317B1389400028A55 /* AWFIconLabelButton.h */,
				FA11ACC417B1389400028A55 /* AWFIconLabelButton.m */,
				FA11ACC517B1389400028A55 /* AWFLabelButton.h */,
				FA11ACC617B1389400028A55 /* AWFLabelButton.m */,
			);
			path = Buttons;
			sourceTree = "<group>";
		};
		FA3092F318098A1F001F25F2 /* Navigation */ = {
			isa = PBXGroup;
			children = (
				FA3092F718098A64001F25F2 /* AWFNavigationBar.h */,
				FA3092F818098A64001F25F2 /* AWFNavigationBar.m */,
				FA3092F418098A3D001F25F2 /* AWFNavigationController.h */,
				FA3092F518098A3D001F25F2 /* AWFNavigationController.m */,
			);
			path = Navigation;
			sourceTree = "<group>";
		};
		FA57F9DA18D268AE00E12B5F /* Friends View */ = {
			isa = PBXGroup;
			children = (
				FA57837218D4776600F10FD7 /* AWFFriendsViewCell.h */,
				FA57837318D4776600F10FD7 /* AWFFriendsViewCell.m */,
				FA57F9DB18D268C300E12B5F /* AWFFriendsViewController.h */,
				FA57F9DC18D268C300E12B5F /* AWFFriendsViewController.m */,
			);
			path = "Friends View";
			sourceTree = "<group>";
		};
		FA8AA2DE188330C6005FC371 /* Model */ = {
			isa = PBXGroup;
			children = (
				FA4532EA188B411400A1E242 /* AWFGender.h */,
				FA4532E1188B014900A1E242 /* AWFObject.h */,
				FA4532E2188B014900A1E242 /* AWFObject.m */,
				FA8D9AF718DB860C00262071 /* AWFActivity.h */,
				FA8D9AF818DB860C00262071 /* AWFActivity.m */,
				FA8AA2DF18833123005FC371 /* AWFPerson.h */,
				FA8AA2E018833123005FC371 /* AWFPerson.m */,
			);
			path = Model;
			sourceTree = "<group>";
		};
		FA8D71C51868745A00C4B6CC /* Helpers */ = {
			isa = PBXGroup;
			children = (
				FA8D71C61868746B00C4B6CC /* AWFLocationManager.h */,
				FA8D71C71868746B00C4B6CC /* AWFLocationManager.m */,
				FA4532E4188B2ED500A1E242 /* AWFAgeFormatter.h */,
				FA4532E5188B2ED500A1E242 /* AWFAgeFormatter.m */,
				FA4532EB188B43E600A1E242 /* AWFGenderFormatter.h */,
				FA4532EC188B43E600A1E242 /* AWFGenderFormatter.m */,
				FA9A964618CCB3CA00F65856 /* AWFHeightFormatter.h */,
				FA9A964718CCB3CA00F65856 /* AWFHeightFormatter.m */,
				FA9A964318CCB2F000F65856 /* AWFWeightFormatter.h */,
				FA9A964418CCB2F000F65856 /* AWFWeightFormatter.m */,
				FA4532E7188B404C00A1E242 /* AWFValueTransformers.h */,
				FA4532E8188B404C00A1E242 /* AWFValueTransformers.m */,
			);
			path = Helpers;
			sourceTree = "<group>";
		};
		FAB866E2180AAB29005FF64B /* API */ = {
			isa = PBXGroup;
			children = (
				FAB866E3180AAB60005FF64B /* AWFSession.h */,
				FAB866E4180AAB60005FF64B /* AWFSession.m */,
			);
			path = API;
			sourceTree = "<group>";
		};
		FADBF65017ADB68E00325DD1 = {
			isa = PBXGroup;
			children = (
				FADBF66217ADB68E00325DD1 /* AnywhereFriends */,
				FADBF67B17ADB68E00325DD1 /* AnywhereFriendsTests */,
				FADBF69717ADBADC00325DD1 /* Resources */,
				FADBF65B17ADB68E00325DD1 /* Frameworks */,
				FADBF65A17ADB68E00325DD1 /* Products */,
				0F2C3DEB3B93444CA8AA2F6A /* Pods.xcconfig */,
			);
			sourceTree = "<group>";
		};
		FADBF65A17ADB68E00325DD1 /* Products */ = {
			isa = PBXGroup;
			children = (
				FADBF65917ADB68E00325DD1 /* AnywhereFriends.app */,
				FADBF67417ADB68E00325DD1 /* AnywhereFriendsTests.xctest */,
			);
			name = Products;
			sourceTree = "<group>";
		};
		FADBF65B17ADB68E00325DD1 /* Frameworks */ = {
			isa = PBXGroup;
			children = (
				FADE215917BCD38D00D3A62B /* MapKit.framework */,
				FADBF6A917ADC59E00325DD1 /* QuartzCore.framework */,
				FADBF65C17ADB68E00325DD1 /* Foundation.framework */,
				FADBF65E17ADB68E00325DD1 /* CoreGraphics.framework */,
				FADBF66017ADB68E00325DD1 /* UIKit.framework */,
				FADBF67517ADB68E00325DD1 /* XCTest.framework */,
				8FE6E10FA69445AA854D1E68 /* libPods.a */,
			);
			name = Frameworks;
			sourceTree = "<group>";
		};
		FADBF66217ADB68E00325DD1 /* AnywhereFriends */ = {
			isa = PBXGroup;
			children = (
				FAB866E2180AAB29005FF64B /* API */,
				FA8AA2DE188330C6005FC371 /* Model */,
				FADBF69317ADB7DE00325DD1 /* Categories */,
				FADBF68F17ADB79300325DD1 /* Elements */,
				FA11ACB117B1385E00028A55 /* Glyphs */,
				FA8D71C51868745A00C4B6CC /* Helpers */,
				FADBF68B17ADB73500325DD1 /* Login */,
				FADE215517BCD30800D3A62B /* Map Search */,
				FA57F9DA18D268AE00E12B5F /* Friends View */,
				FAF0F3CC18D49E7D0063BB30 /* Map View */,
				FAF0F3DD18D4AEBB0063BB30 /* Messages View */,
				FA3092F318098A1F001F25F2 /* Navigation */,
				FAE475DB17C0EAE6006B2C65 /* Profile View */,
				FADBF66B17ADB68E00325DD1 /* AWFAppDelegate.h */,
				FADBF66C17ADB68E00325DD1 /* AWFAppDelegate.m */,
				FAF0F3E418D4C78D0063BB30 /* AWFConfig.h */,
				FA57F9D718D24A0900E12B5F /* AWFViewController.h */,
				FA57F9D818D24A0900E12B5F /* AWFViewController.m */,
				FADBF66317ADB68E00325DD1 /* Supporting Files */,
			);
			path = AnywhereFriends;
			sourceTree = "<group>";
		};
		FADBF66317ADB68E00325DD1 /* Supporting Files */ = {
			isa = PBXGroup;
			children = (
				FA8D71CB1868898F00C4B6CC /* default.gpx */,
				FA11ACAD17B1286500028A55 /* Podfile */,
				FADBF66417ADB68E00325DD1 /* AnywhereFriends-Info.plist */,
				FADBF66517ADB68E00325DD1 /* InfoPlist.strings */,
				FADBF66817ADB68E00325DD1 /* main.m */,
				FADBF66A17ADB68E00325DD1 /* AnywhereFriends-Prefix.pch */,
			);
			name = "Supporting Files";
			sourceTree = "<group>";
		};
		FADBF67B17ADB68E00325DD1 /* AnywhereFriendsTests */ = {
			isa = PBXGroup;
			children = (
				FADBF68117ADB68E00325DD1 /* AnywhereFriendsTests.m */,
				FADBF67C17ADB68E00325DD1 /* Supporting Files */,
			);
			path = AnywhereFriendsTests;
			sourceTree = "<group>";
		};
		FADBF67C17ADB68E00325DD1 /* Supporting Files */ = {
			isa = PBXGroup;
			children = (
				FADBF67D17ADB68E00325DD1 /* AnywhereFriendsTests-Info.plist */,
				FADBF67E17ADB68E00325DD1 /* InfoPlist.strings */,
			);
			name = "Supporting Files";
			sourceTree = "<group>";
		};
		FADBF68B17ADB73500325DD1 /* Login */ = {
			isa = PBXGroup;
			children = (
				FA11ACA317B11A7500028A55 /* AWFLoginFormViewCell.h */,
				FA11ACA417B11A7500028A55 /* AWFLoginFormViewCell.m */,
				FA11ACAE17B136EA00028A55 /* AWFLoginConnectViewCell.h */,
				FA11ACAF17B136EA00028A55 /* AWFLoginConnectViewCell.m */,
				FADBF68C17ADB74400325DD1 /* AWFLoginViewController.h */,
				FADBF68D17ADB74400325DD1 /* AWFLoginViewController.m */,
				FA1EEC6317B266A500668A40 /* AWFSignupViewController.h */,
				FA1EEC6417B266A500668A40 /* AWFSignupViewController.m */,
				FA7667011814242D0093A4CA /* AWFGenderPicker.h */,
				FA7667021814242D0093A4CA /* AWFGenderPicker.m */,
			);
			path = Login;
			sourceTree = "<group>";
		};
		FADBF68F17ADB79300325DD1 /* Elements */ = {
			isa = PBXGroup;
			children = (
				FA11ACB817B1389400028A55 /* Buttons */,
				FA11ACCE17B138D000028A55 /* AWFIconLabelView.h */,
				FA11ACCF17B138D000028A55 /* AWFIconLabelView.m */,
				FADBF69017ADB7AA00325DD1 /* AWFNavigationTitleView.h */,
				FADBF69117ADB7AA00325DD1 /* AWFNavigationTitleView.m */,
				FA11ACD017B138D100028A55 /* AWFShapeView.h */,
				FA11ACD117B138D100028A55 /* AWFShapeView.m */,
				FAB4BF9C1875AB6C009CC02B /* AWFLayoutGuide.h */,
				FAB4BF9D1875AB6C009CC02B /* AWFLayoutGuide.m */,
			);
			path = Elements;
			sourceTree = "<group>";
		};
		FADBF69317ADB7DE00325DD1 /* Categories */ = {
			isa = PBXGroup;
			children = (
				FADBF6B417ADCE9800325DD1 /* CGContext+Blocks.h */,
				FADBF6B517ADCE9800325DD1 /* CGContext+Blocks.m */,
				FAF0F3D018D49F7D0063BB30 /* MKMapView+AWFCentering.h */,
				FAF0F3D118D49F7D0063BB30 /* MKMapView+AWFCentering.m */,
				FADBF6B717ADCF6600325DD1 /* UIColor+ColorTools.h */,
				FADBF6B817ADCF6600325DD1 /* UIColor+ColorTools.m */,
				FADBF69B17ADBFDF00325DD1 /* UIColor+CustomColors.h */,
				FADBF69C17ADBFDF00325DD1 /* UIColor+CustomColors.m */,
				FADBF69417ADB7EC00325DD1 /* UIFont+CustomFonts.h */,
				FADBF69517ADB7EC00325DD1 /* UIFont+CustomFonts.m */,
				FADBF6B117ADCE5400325DD1 /* UIImage+CustomBackgrounds.h */,
				FADBF6B217ADCE5400325DD1 /* UIImage+CustomBackgrounds.m */,
			);
			path = Categories;
			sourceTree = "<group>";
		};
		FADBF69717ADBADC00325DD1 /* Resources */ = {
			isa = PBXGroup;
			children = (
				FADBF66E17ADB68E00325DD1 /* Images.xcassets */,
				FADE216417BCF58700D3A62B /* Temporary */,
				FA11ACD417B14B2400028A55 /* HelveticaNeueLTCom-LtCn.ttf */,
				FA11ACD617B14D2500028A55 /* HelveticaNeueLTCom-MdCn.ttf */,
				FADBF69817ADBADC00325DD1 /* MAGNETOB.TTF */,
				FADBF6A417ADC23600325DD1 /* Localizable.strings */,
			);
			path = Resources;
			sourceTree = "<group>";
		};
		FADE215517BCD30800D3A62B /* Map Search */ = {
			isa = PBXGroup;
			children = (
				FA8D71CD18688EC000C4B6CC /* AWFNearbyViewCell.h */,
				FA8D71CE18688EC000C4B6CC /* AWFNearbyViewCell.m */,
				FADE215B17BCDB1700D3A62B /* AWFNearbyViewController.h */,
				FADE215C17BCDB1700D3A62B /* AWFNearbyViewController.m */,
			);
			path = "Map Search";
			sourceTree = "<group>";
		};
		FADE216417BCF58700D3A62B /* Temporary */ = {
			isa = PBXGroup;
			children = (
				FADE216517BCF58700D3A62B /* Avatars */,
				FAE475E517C0F9D7006B2C65 /* Profile */,
			);
			path = Temporary;
			sourceTree = "<group>";
		};
		FADE216517BCF58700D3A62B /* Avatars */ = {
			isa = PBXGroup;
			children = (
				FADE216617BCF58700D3A62B /* Ajda.jpg */,
				FADE216717BCF58700D3A62B /* Alessio.jpg */,
				FADE216917BCF58700D3A62B /* Andrea.jpg */,
				FADE216A17BCF58700D3A62B /* Carrie.jpg */,
				FADE216B17BCF58700D3A62B /* Damien.jpg */,
				FADE216C17BCF58700D3A62B /* Ebba.jpg */,
				FADE216D17BCF58700D3A62B /* Emilia.jpg */,
				FADE216E17BCF58700D3A62B /* Jacky.jpg */,
				FADE216F17BCF58700D3A62B /* Kenza.jpg */,
				FADE217017BCF58700D3A62B /* Kristina.jpg */,
				FADE217117BCF58700D3A62B /* Lauren.jpg */,
				FADE217217BCF58700D3A62B /* Lorenza.jpg */,
				FADE217317BCF58700D3A62B /* Marie.jpg */,
				FADE217417BCF58700D3A62B /* Marine.jpg */,
				FADE217517BCF58700D3A62B /* Marissa.jpg */,
				FADE217617BCF58700D3A62B /* Matze.jpg */,
				FADE217717BCF58700D3A62B /* Max.jpg */,
				FADE217817BCF58700D3A62B /* Michael.jpg */,
				FADE217A17BCF58700D3A62B /* Olivia.jpg */,
				FADE217C17BCF58700D3A62B /* Veronica.jpg */,
				FADE217D17BCF58700D3A62B /* Victoria.jpg */,
			);
			path = Avatars;
			sourceTree = "<group>";
		};
		FAE475DB17C0EAE6006B2C65 /* Profile View */ = {
			isa = PBXGroup;
			children = (
				FAE475E217C0F8A4006B2C65 /* AWFPhotoCollectionViewCell.h */,
				FAE475E317C0F8A4006B2C65 /* AWFPhotoCollectionViewCell.m */,
				FAE4760617C112FF006B2C65 /* AWFProfileTableViewCell.h */,
				FAE4760717C112FF006B2C65 /* AWFProfileTableViewCell.m */,
				FAE475DF17C0EC15006B2C65 /* AWFProfileHeaderView.h */,
				FAE475E017C0EC15006B2C65 /* AWFProfileHeaderView.m */,
				FAE475DC17C0EAF0006B2C65 /* AWFProfileViewController.h */,
				FAE475DD17C0EAF0006B2C65 /* AWFProfileViewController.m */,
				FAF0F3E518D4CD8B0063BB30 /* AWFMyProfileViewController.h */,
				FAF0F3E618D4CD8B0063BB30 /* AWFMyProfileViewController.m */,
			);
			path = "Profile View";
			sourceTree = "<group>";
		};
		FAE475E517C0F9D7006B2C65 /* Profile */ = {
			isa = PBXGroup;
			children = (
				FAE475F217C0FAEE006B2C65 /* Jasmin_0.jpg */,
				FAE475F317C0FAEE006B2C65 /* Jasmin_1.jpg */,
				FAE475F417C0FAEE006B2C65 /* Jasmin_2.jpg */,
				FAE475F517C0FAEE006B2C65 /* Jasmin_3.jpg */,
				FAE475F617C0FAEE006B2C65 /* Jasmin_4.jpg */,
				FAE475FC17C0FDDA006B2C65 /* Jasmin_t0.jpg */,
				FAE475FD17C0FDDA006B2C65 /* Jasmin_t1.jpg */,
				FAE475FE17C0FDDA006B2C65 /* Jasmin_t2.jpg */,
				FAE475FF17C0FDDA006B2C65 /* Jasmin_t3.jpg */,
				FAE4760017C0FDDA006B2C65 /* Jasmin_t4.jpg */,
			);
			path = Profile;
			sourceTree = "<group>";
		};
		FAF0F3CC18D49E7D0063BB30 /* Map View */ = {
			isa = PBXGroup;
			children = (
				FAF0F3CD18D49E920063BB30 /* AWFMapViewController.h */,
				FAF0F3CE18D49E920063BB30 /* AWFMapViewController.m */,
			);
			path = "Map View";
			sourceTree = "<group>";
		};
		FAF0F3DD18D4AEBB0063BB30 /* Messages View */ = {
			isa = PBXGroup;
			children = (
				FAF0F3DE18D4AEBB0063BB30 /* AWFMessagesViewCell.h */,
				FAF0F3DF18D4AEBB0063BB30 /* AWFMessagesViewCell.m */,
				FAF0F3E018D4AEBB0063BB30 /* AWFMessagesViewController.h */,
				FAF0F3E118D4AEBB0063BB30 /* AWFMessagesViewController.m */,
			);
			path = "Messages View";
			sourceTree = "<group>";
		};
/* End PBXGroup section */

/* Begin PBXNativeTarget section */
		FADBF65817ADB68E00325DD1 /* AnywhereFriends */ = {
			isa = PBXNativeTarget;
			buildConfigurationList = FADBF68517ADB68E00325DD1 /* Build configuration list for PBXNativeTarget "AnywhereFriends" */;
			buildPhases = (
				26E7C95EF1FD4D81A2B7181F /* Check Pods Manifest.lock */,
				FADBF65517ADB68E00325DD1 /* Sources */,
				FADBF65617ADB68E00325DD1 /* Frameworks */,
				FADBF65717ADB68E00325DD1 /* Resources */,
				60EA8E25DD9442D5AE629161 /* Copy Pods Resources */,
			);
			buildRules = (
			);
			dependencies = (
			);
			name = AnywhereFriends;
			productName = AnywhereFriends;
			productReference = FADBF65917ADB68E00325DD1 /* AnywhereFriends.app */;
			productType = "com.apple.product-type.application";
		};
		FADBF67317ADB68E00325DD1 /* AnywhereFriendsTests */ = {
			isa = PBXNativeTarget;
			buildConfigurationList = FADBF68817ADB68E00325DD1 /* Build configuration list for PBXNativeTarget "AnywhereFriendsTests" */;
			buildPhases = (
				FADBF67017ADB68E00325DD1 /* Sources */,
				FADBF67117ADB68E00325DD1 /* Frameworks */,
				FADBF67217ADB68E00325DD1 /* Resources */,
			);
			buildRules = (
			);
			dependencies = (
				FADBF67A17ADB68E00325DD1 /* PBXTargetDependency */,
			);
			name = AnywhereFriendsTests;
			productName = AnywhereFriendsTests;
			productReference = FADBF67417ADB68E00325DD1 /* AnywhereFriendsTests.xctest */;
			productType = "com.apple.product-type.bundle.unit-test";
		};
/* End PBXNativeTarget section */

/* Begin PBXProject section */
		FADBF65117ADB68E00325DD1 /* Project object */ = {
			isa = PBXProject;
			attributes = {
				CLASSPREFIX = AWF;
				LastUpgradeCheck = 0500;
				ORGANIZATIONNAME = Anywherefriends;
				TargetAttributes = {
					FADBF65817ADB68E00325DD1 = {
						DevelopmentTeam = NN2DTJ2JMT;
					};
					FADBF67317ADB68E00325DD1 = {
						TestTargetID = FADBF65817ADB68E00325DD1;
					};
				};
			};
			buildConfigurationList = FADBF65417ADB68E00325DD1 /* Build configuration list for PBXProject "AnywhereFriends" */;
			compatibilityVersion = "Xcode 3.2";
			developmentRegion = English;
			hasScannedForEncodings = 0;
			knownRegions = (
				en,
				ru,
			);
			mainGroup = FADBF65017ADB68E00325DD1;
			productRefGroup = FADBF65A17ADB68E00325DD1 /* Products */;
			projectDirPath = "";
			projectRoot = "";
			targets = (
				FADBF65817ADB68E00325DD1 /* AnywhereFriends */,
				FADBF67317ADB68E00325DD1 /* AnywhereFriendsTests */,
			);
		};
/* End PBXProject section */

/* Begin PBXResourcesBuildPhase section */
		FADBF65717ADB68E00325DD1 /* Resources */ = {
			isa = PBXResourcesBuildPhase;
			buildActionMask = 2147483647;
			files = (
				FAE4760217C0FDDA006B2C65 /* Jasmin_t1.jpg in Resources */,
				FADE218117BCF58700D3A62B /* Andrea.jpg in Resources */,
				FADE219017BCF58700D3A62B /* Michael.jpg in Resources */,
				FADE219517BCF58700D3A62B /* Victoria.jpg in Resources */,
				FAE4760117C0FDDA006B2C65 /* Jasmin_t0.jpg in Resources */,
				FADE218717BCF58700D3A62B /* Kenza.jpg in Resources */,
				FAE475F917C0FAEE006B2C65 /* Jasmin_2.jpg in Resources */,
				FADBF69917ADBADC00325DD1 /* MAGNETOB.TTF in Resources */,
				FADBF6A217ADC23600325DD1 /* Localizable.strings in Resources */,
				FADE219417BCF58700D3A62B /* Veronica.jpg in Resources */,
				FADE218E17BCF58700D3A62B /* Matze.jpg in Resources */,
				FADE218817BCF58700D3A62B /* Kristina.jpg in Resources */,
				FADE219217BCF58700D3A62B /* Olivia.jpg in Resources */,
				FADE218A17BCF58700D3A62B /* Lorenza.jpg in Resources */,
				FADE218517BCF58700D3A62B /* Emilia.jpg in Resources */,
				FADE217F17BCF58700D3A62B /* Alessio.jpg in Resources */,
				FADBF66717ADB68E00325DD1 /* InfoPlist.strings in Resources */,
				FADE218417BCF58700D3A62B /* Ebba.jpg in Resources */,
				FAE475FB17C0FAEE006B2C65 /* Jasmin_4.jpg in Resources */,
				FADE218F17BCF58700D3A62B /* Max.jpg in Resources */,
				FADE217E17BCF58700D3A62B /* Ajda.jpg in Resources */,
				FAE4760517C0FDDA006B2C65 /* Jasmin_t4.jpg in Resources */,
				FAE475FA17C0FAEE006B2C65 /* Jasmin_3.jpg in Resources */,
				FADE218217BCF58700D3A62B /* Carrie.jpg in Resources */,
				FAE475F817C0FAEE006B2C65 /* Jasmin_1.jpg in Resources */,
				FAE4760417C0FDDA006B2C65 /* Jasmin_t3.jpg in Resources */,
				FA11ACD517B14B2400028A55 /* HelveticaNeueLTCom-LtCn.ttf in Resources */,
				FADE218B17BCF58700D3A62B /* Marie.jpg in Resources */,
				FAE475F717C0FAEE006B2C65 /* Jasmin_0.jpg in Resources */,
				FA8D71CC1868898F00C4B6CC /* default.gpx in Resources */,
				FADE218617BCF58700D3A62B /* Jacky.jpg in Resources */,
				FADBF66F17ADB68E00325DD1 /* Images.xcassets in Resources */,
				FAE4760317C0FDDA006B2C65 /* Jasmin_t2.jpg in Resources */,
				FADE218C17BCF58700D3A62B /* Marine.jpg in Resources */,
				FA11ACD717B14D2500028A55 /* HelveticaNeueLTCom-MdCn.ttf in Resources */,
				FADE218917BCF58700D3A62B /* Lauren.jpg in Resources */,
				FADE218D17BCF58700D3A62B /* Marissa.jpg in Resources */,
				FADE218317BCF58700D3A62B /* Damien.jpg in Resources */,
			);
			runOnlyForDeploymentPostprocessing = 0;
		};
		FADBF67217ADB68E00325DD1 /* Resources */ = {
			isa = PBXResourcesBuildPhase;
			buildActionMask = 2147483647;
			files = (
				FADBF68017ADB68E00325DD1 /* InfoPlist.strings in Resources */,
			);
			runOnlyForDeploymentPostprocessing = 0;
		};
/* End PBXResourcesBuildPhase section */

/* Begin PBXShellScriptBuildPhase section */
		26E7C95EF1FD4D81A2B7181F /* Check Pods Manifest.lock */ = {
			isa = PBXShellScriptBuildPhase;
			buildActionMask = 2147483647;
			files = (
			);
			inputPaths = (
			);
			name = "Check Pods Manifest.lock";
			outputPaths = (
			);
			runOnlyForDeploymentPostprocessing = 0;
			shellPath = /bin/sh;
			shellScript = "diff \"${PODS_ROOT}/../Podfile.lock\" \"${PODS_ROOT}/Manifest.lock\" > /dev/null\nif [[ $? != 0 ]] ; then\n    cat << EOM\nerror: The sandbox is not in sync with the Podfile.lock. Run 'pod install' or update your CocoaPods installation.\nEOM\n    exit 1\nfi\n";
			showEnvVarsInLog = 0;
		};
		60EA8E25DD9442D5AE629161 /* Copy Pods Resources */ = {
			isa = PBXShellScriptBuildPhase;
			buildActionMask = 2147483647;
			files = (
			);
			inputPaths = (
			);
			name = "Copy Pods Resources";
			outputPaths = (
			);
			runOnlyForDeploymentPostprocessing = 0;
			shellPath = /bin/sh;
			shellScript = "\"${SRCROOT}/Pods/Pods-resources.sh\"\n";
			showEnvVarsInLog = 0;
		};
/* End PBXShellScriptBuildPhase section */

/* Begin PBXSourcesBuildPhase section */
		FADBF65517ADB68E00325DD1 /* Sources */ = {
			isa = PBXSourcesBuildPhase;
			buildActionMask = 2147483647;
			files = (
				FA11ACD317B138D100028A55 /* AWFShapeView.m in Sources */,
				FAB4BF9E1875AB6C009CC02B /* AWFLayoutGuide.m in Sources */,
				FA8D71C81868746B00C4B6CC /* AWFLocationManager.m in Sources */,
				FA11ACA517B11A7500028A55 /* AWFLoginFormViewCell.m in Sources */,
				FADBF69D17ADBFDF00325DD1 /* UIColor+CustomColors.m in Sources */,
				FADE219B17BD132400D3A62B /* UIBezierPath+MessagesGlyph.m in Sources */,
				FAE475E117C0EC15006B2C65 /* AWFProfileHeaderView.m in Sources */,
				FA9A964518CCB2F000F65856 /* AWFWeightFormatter.m in Sources */,
				FADBF6B617ADCE9800325DD1 /* CGContext+Blocks.m in Sources */,
				FAE4760817C112FF006B2C65 /* AWFProfileTableViewCell.m in Sources */,
				FA11ACC717B1389400028A55 /* AWFButton.m in Sources */,
				FA4532E3188B014900A1E242 /* AWFObject.m in Sources */,
				FADBF68E17ADB74400325DD1 /* AWFLoginViewController.m in Sources */,
				FADBF66917ADB68E00325DD1 /* main.m in Sources */,
				FA8D71CF18688EC000C4B6CC /* AWFNearbyViewCell.m in Sources */,
				FA11ACCB17B1389400028A55 /* AWFIconButton.m in Sources */,
				FA3092F618098A3D001F25F2 /* AWFNavigationController.m in Sources */,
				FADBF69617ADB7EC00325DD1 /* UIFont+CustomFonts.m in Sources */,
				FA57837418D4776600F10FD7 /* AWFFriendsViewCell.m in Sources */,
				FA1EEC6817B2824B00668A40 /* UIBezierPath+VKontakteGlyph.m in Sources */,
				FA8AA2E118833123005FC371 /* AWFPerson.m in Sources */,
				FADE215D17BCDB1700D3A62B /* AWFNearbyViewController.m in Sources */,
				FA4532E6188B2ED500A1E242 /* AWFAgeFormatter.m in Sources */,
				FA11ACCD17B1389400028A55 /* AWFLabelButton.m in Sources */,
				FAE4760B17C121A7006B2C65 /* UIBezierPath+AccessoryArrowGlyph.m in Sources */,
				FAB866E5180AAB60005FF64B /* AWFSession.m in Sources */,
				FADBF69217ADB7AA00325DD1 /* AWFNavigationTitleView.m in Sources */,
				FAE475E417C0F8A4006B2C65 /* AWFPhotoCollectionViewCell.m in Sources */,
				FA11ACB717B1385E00028A55 /* UIBezierPath+TwitterGlyph.m in Sources */,
				FAF0F3CF18D49E920063BB30 /* AWFMapViewController.m in Sources */,
				FA7667031814242D0093A4CA /* AWFGenderPicker.m in Sources */,
				FA1EEC6517B266A500668A40 /* AWFSignupViewController.m in Sources */,
				FA4532ED188B43E600A1E242 /* AWFGenderFormatter.m in Sources */,
				FADBF6B317ADCE5400325DD1 /* UIImage+CustomBackgrounds.m in Sources */,
				FAF0F3E218D4AEBB0063BB30 /* AWFMessagesViewCell.m in Sources */,
				FA57F9DD18D268C300E12B5F /* AWFFriendsViewController.m in Sources */,
				FADBF6B917ADD16900325DD1 /* UIColor+ColorTools.m in Sources */,
				FAF0F3D218D49F7D0063BB30 /* MKMapView+AWFCentering.m in Sources */,
				FA11ACB617B1385E00028A55 /* UIBezierPath+FacebookGlyph.m in Sources */,
				FADBF66D17ADB68E00325DD1 /* AWFAppDelegate.m in Sources */,
				FA11ACB017B136EA00028A55 /* AWFLoginConnectViewCell.m in Sources */,
				FAF0F3E718D4CD8B0063BB30 /* AWFMyProfileViewController.m in Sources */,
				FA11ACCC17B1389400028A55 /* AWFIconLabelButton.m in Sources */,
				FA11ACD217B138D100028A55 /* AWFIconLabelView.m in Sources */,
				FAE475DE17C0EAF0006B2C65 /* AWFProfileViewController.m in Sources */,
				FAF0F3E318D4AEBB0063BB30 /* AWFMessagesViewController.m in Sources */,
				FA57F9D918D24A0900E12B5F /* AWFViewController.m in Sources */,
				FADE219E17BD15BB00D3A62B /* UIBezierPath+MenuGlyph.m in Sources */,
				FA9A964818CCB3CA00F65856 /* AWFHeightFormatter.m in Sources */,
				FA4532E9188B404C00A1E242 /* AWFValueTransformers.m in Sources */,
				FA3092F918098A64001F25F2 /* AWFNavigationBar.m in Sources */,
				FA8D9AF918DB860C00262071 /* AWFActivity.m in Sources */,
			);
			runOnlyForDeploymentPostprocessing = 0;
		};
		FADBF67017ADB68E00325DD1 /* Sources */ = {
			isa = PBXSourcesBuildPhase;
			buildActionMask = 2147483647;
			files = (
				FADBF68217ADB68E00325DD1 /* AnywhereFriendsTests.m in Sources */,
			);
			runOnlyForDeploymentPostprocessing = 0;
		};
/* End PBXSourcesBuildPhase section */

/* Begin PBXTargetDependency section */
		FADBF67A17ADB68E00325DD1 /* PBXTargetDependency */ = {
			isa = PBXTargetDependency;
			target = FADBF65817ADB68E00325DD1 /* AnywhereFriends */;
			targetProxy = FADBF67917ADB68E00325DD1 /* PBXContainerItemProxy */;
		};
/* End PBXTargetDependency section */

/* Begin PBXVariantGroup section */
		FADBF66517ADB68E00325DD1 /* InfoPlist.strings */ = {
			isa = PBXVariantGroup;
			children = (
				FADBF66617ADB68E00325DD1 /* en */,
				FADBF69E17ADC20300325DD1 /* ru */,
			);
			name = InfoPlist.strings;
			sourceTree = "<group>";
		};
		FADBF67E17ADB68E00325DD1 /* InfoPlist.strings */ = {
			isa = PBXVariantGroup;
			children = (
				FADBF67F17ADB68E00325DD1 /* en */,
				FADBF69F17ADC20300325DD1 /* ru */,
			);
			name = InfoPlist.strings;
			sourceTree = "<group>";
		};
		FADBF6A417ADC23600325DD1 /* Localizable.strings */ = {
			isa = PBXVariantGroup;
			children = (
				FADBF6A317ADC23600325DD1 /* en */,
				FADBF6A517ADC23900325DD1 /* ru */,
			);
			name = Localizable.strings;
			sourceTree = "<group>";
		};
/* End PBXVariantGroup section */

/* Begin XCBuildConfiguration section */
		FADBF68317ADB68E00325DD1 /* Debug */ = {
			isa = XCBuildConfiguration;
			buildSettings = {
				ALWAYS_SEARCH_USER_PATHS = NO;
				CLANG_CXX_LANGUAGE_STANDARD = "gnu++0x";
				CLANG_CXX_LIBRARY = "libc++";
				CLANG_ENABLE_MODULES = YES;
				CLANG_ENABLE_OBJC_ARC = YES;
				CLANG_WARN_BOOL_CONVERSION = YES;
				CLANG_WARN_CONSTANT_CONVERSION = YES;
				CLANG_WARN_DIRECT_OBJC_ISA_USAGE = YES_ERROR;
				CLANG_WARN_EMPTY_BODY = YES;
				CLANG_WARN_ENUM_CONVERSION = YES;
				CLANG_WARN_INT_CONVERSION = YES;
				CLANG_WARN_OBJC_ROOT_CLASS = YES_ERROR;
				CLANG_WARN__DUPLICATE_METHOD_MATCH = YES;
				"CODE_SIGN_IDENTITY[sdk=iphoneos*]" = "iPhone Distribution: Mark Adamenko (NN2DTJ2JMT)";
				COPY_PHASE_STRIP = NO;
				GCC_C_LANGUAGE_STANDARD = gnu99;
				GCC_DYNAMIC_NO_PIC = NO;
				GCC_OPTIMIZATION_LEVEL = 0;
				GCC_PREPROCESSOR_DEFINITIONS = (
					"DEBUG=1",
					"$(inherited)",
				);
				GCC_SYMBOLS_PRIVATE_EXTERN = NO;
				GCC_WARN_ABOUT_RETURN_TYPE = YES_ERROR;
				GCC_WARN_UNDECLARED_SELECTOR = YES;
				GCC_WARN_UNINITIALIZED_AUTOS = YES;
				GCC_WARN_UNUSED_FUNCTION = YES;
				GCC_WARN_UNUSED_VARIABLE = YES;
				IPHONEOS_DEPLOYMENT_TARGET = 7.0;
				ONLY_ACTIVE_ARCH = YES;
				SDKROOT = iphoneos;
			};
			name = Debug;
		};
		FADBF68417ADB68E00325DD1 /* Release */ = {
			isa = XCBuildConfiguration;
			buildSettings = {
				ALWAYS_SEARCH_USER_PATHS = NO;
				CLANG_CXX_LANGUAGE_STANDARD = "gnu++0x";
				CLANG_CXX_LIBRARY = "libc++";
				CLANG_ENABLE_MODULES = YES;
				CLANG_ENABLE_OBJC_ARC = YES;
				CLANG_WARN_BOOL_CONVERSION = YES;
				CLANG_WARN_CONSTANT_CONVERSION = YES;
				CLANG_WARN_DIRECT_OBJC_ISA_USAGE = YES_ERROR;
				CLANG_WARN_EMPTY_BODY = YES;
				CLANG_WARN_ENUM_CONVERSION = YES;
				CLANG_WARN_INT_CONVERSION = YES;
				CLANG_WARN_OBJC_ROOT_CLASS = YES_ERROR;
				CLANG_WARN__DUPLICATE_METHOD_MATCH = YES;
				"CODE_SIGN_IDENTITY[sdk=iphoneos*]" = "iPhone Distribution: Mark Adamenko (NN2DTJ2JMT)";
				COPY_PHASE_STRIP = YES;
				ENABLE_NS_ASSERTIONS = NO;
				GCC_C_LANGUAGE_STANDARD = gnu99;
				GCC_WARN_ABOUT_RETURN_TYPE = YES_ERROR;
				GCC_WARN_UNDECLARED_SELECTOR = YES;
				GCC_WARN_UNINITIALIZED_AUTOS = YES;
				GCC_WARN_UNUSED_FUNCTION = YES;
				GCC_WARN_UNUSED_VARIABLE = YES;
				IPHONEOS_DEPLOYMENT_TARGET = 7.0;
				SDKROOT = iphoneos;
				VALIDATE_PRODUCT = YES;
			};
			name = Release;
		};
		FADBF68617ADB68E00325DD1 /* Debug */ = {
			isa = XCBuildConfiguration;
			baseConfigurationReference = 0F2C3DEB3B93444CA8AA2F6A /* Pods.xcconfig */;
			buildSettings = {
				ASSETCATALOG_COMPILER_APPICON_NAME = AppIcon;
				ASSETCATALOG_COMPILER_LAUNCHIMAGE_NAME = LaunchImage;
				CODE_SIGN_IDENTITY = "iPhone Developer";
				"CODE_SIGN_IDENTITY[sdk=iphoneos*]" = "iPhone Developer";
				GCC_PRECOMPILE_PREFIX_HEADER = YES;
				GCC_PREFIX_HEADER = "AnywhereFriends/AnywhereFriends-Prefix.pch";
				INFOPLIST_FILE = "AnywhereFriends/AnywhereFriends-Info.plist";
				PRODUCT_NAME = "$(TARGET_NAME)";
				PROVISIONING_PROFILE = "";
				WRAPPER_EXTENSION = app;
			};
			name = Debug;
		};
		FADBF68717ADB68E00325DD1 /* Release */ = {
			isa = XCBuildConfiguration;
			baseConfigurationReference = 0F2C3DEB3B93444CA8AA2F6A /* Pods.xcconfig */;
			buildSettings = {
				ASSETCATALOG_COMPILER_APPICON_NAME = AppIcon;
				ASSETCATALOG_COMPILER_LAUNCHIMAGE_NAME = LaunchImage;
				CODE_SIGN_IDENTITY = "iPhone Developer";
				"CODE_SIGN_IDENTITY[sdk=iphoneos*]" = "iPhone Developer";
				GCC_PRECOMPILE_PREFIX_HEADER = YES;
				GCC_PREFIX_HEADER = "AnywhereFriends/AnywhereFriends-Prefix.pch";
				INFOPLIST_FILE = "AnywhereFriends/AnywhereFriends-Info.plist";
				PRODUCT_NAME = "$(TARGET_NAME)";
				PROVISIONING_PROFILE = "";
				WRAPPER_EXTENSION = app;
			};
			name = Release;
		};
		FADBF68917ADB68E00325DD1 /* Debug */ = {
			isa = XCBuildConfiguration;
			buildSettings = {
				BUNDLE_LOADER = "$(BUILT_PRODUCTS_DIR)/AnywhereFriends.app/AnywhereFriends";
				FRAMEWORK_SEARCH_PATHS = (
					"$(SDKROOT)/Developer/Library/Frameworks",
					"$(inherited)",
					"$(DEVELOPER_FRAMEWORKS_DIR)",
				);
				GCC_PRECOMPILE_PREFIX_HEADER = YES;
				GCC_PREFIX_HEADER = "AnywhereFriends/AnywhereFriends-Prefix.pch";
				GCC_PREPROCESSOR_DEFINITIONS = (
					"DEBUG=1",
					"$(inherited)",
				);
				INFOPLIST_FILE = "AnywhereFriendsTests/AnywhereFriendsTests-Info.plist";
				PRODUCT_NAME = "$(TARGET_NAME)";
				TEST_HOST = "$(BUNDLE_LOADER)";
				WRAPPER_EXTENSION = xctest;
			};
			name = Debug;
		};
		FADBF68A17ADB68E00325DD1 /* Release */ = {
			isa = XCBuildConfiguration;
			buildSettings = {
				BUNDLE_LOADER = "$(BUILT_PRODUCTS_DIR)/AnywhereFriends.app/AnywhereFriends";
				FRAMEWORK_SEARCH_PATHS = (
					"$(SDKROOT)/Developer/Library/Frameworks",
					"$(inherited)",
					"$(DEVELOPER_FRAMEWORKS_DIR)",
				);
				GCC_PRECOMPILE_PREFIX_HEADER = YES;
				GCC_PREFIX_HEADER = "AnywhereFriends/AnywhereFriends-Prefix.pch";
				INFOPLIST_FILE = "AnywhereFriendsTests/AnywhereFriendsTests-Info.plist";
				PRODUCT_NAME = "$(TARGET_NAME)";
				TEST_HOST = "$(BUNDLE_LOADER)";
				WRAPPER_EXTENSION = xctest;
			};
			name = Release;
		};
/* End XCBuildConfiguration section */

/* Begin XCConfigurationList section */
		FADBF65417ADB68E00325DD1 /* Build configuration list for PBXProject "AnywhereFriends" */ = {
			isa = XCConfigurationList;
			buildConfigurations = (
				FADBF68317ADB68E00325DD1 /* Debug */,
				FADBF68417ADB68E00325DD1 /* Release */,
			);
			defaultConfigurationIsVisible = 0;
			defaultConfigurationName = Release;
		};
		FADBF68517ADB68E00325DD1 /* Build configuration list for PBXNativeTarget "AnywhereFriends" */ = {
			isa = XCConfigurationList;
			buildConfigurations = (
				FADBF68617ADB68E00325DD1 /* Debug */,
				FADBF68717ADB68E00325DD1 /* Release */,
			);
			defaultConfigurationIsVisible = 0;
			defaultConfigurationName = Release;
		};
		FADBF68817ADB68E00325DD1 /* Build configuration list for PBXNativeTarget "AnywhereFriendsTests" */ = {
			isa = XCConfigurationList;
			buildConfigurations = (
				FADBF68917ADB68E00325DD1 /* Debug */,
				FADBF68A17ADB68E00325DD1 /* Release */,
			);
			defaultConfigurationIsVisible = 0;
			defaultConfigurationName = Release;
		};
/* End XCConfigurationList section */
	};
	rootObject = FADBF65117ADB68E00325DD1 /* Project object */;
}
